// !$*UTF8*$!
{
	archiveVersion = 1;
	classes = {
	};
	objectVersion = 46;
	objects = {

/* Begin PBXBuildFile section */
		191C310013D84CEA007B091B /* mainbottomright.png in Resources */ = {isa = PBXBuildFile; fileRef = 191C30FF13D84CEA007B091B /* mainbottomright.png */; };
		191C310313D85277007B091B /* mainlogo.png in Resources */ = {isa = PBXBuildFile; fileRef = 191C310113D85277007B091B /* mainlogo.png */; };
		191C310413D85277007B091B /* maintopleft.png in Resources */ = {isa = PBXBuildFile; fileRef = 191C310213D85277007B091B /* maintopleft.png */; };
		191C312613D8684E007B091B /* mainbuttonartister.png in Resources */ = {isa = PBXBuildFile; fileRef = 191C312313D8684E007B091B /* mainbuttonartister.png */; };
		191C312713D8684E007B091B /* mainbuttonfav.png in Resources */ = {isa = PBXBuildFile; fileRef = 191C312413D8684E007B091B /* mainbuttonfav.png */; };
		191C312813D8684E007B091B /* mainbuttonsteder.png in Resources */ = {isa = PBXBuildFile; fileRef = 191C312513D8684E007B091B /* mainbuttonsteder.png */; };
		191C312A13D883A2007B091B /* Default@2x.png in Resources */ = {isa = PBXBuildFile; fileRef = 191C312913D883A2007B091B /* Default@2x.png */; };
		191C312C13D88CE2007B091B /* template.png in Resources */ = {isa = PBXBuildFile; fileRef = 191C312B13D88CE2007B091B /* template.png */; };
		191C313013D89F88007B091B /* choose_button.png in Resources */ = {isa = PBXBuildFile; fileRef = 191C312E13D89F88007B091B /* choose_button.png */; };
		191C313213D8A07D007B091B /* calendar_button.png in Resources */ = {isa = PBXBuildFile; fileRef = 191C313113D8A07D007B091B /* calendar_button.png */; };
		191C313F13D96F2A007B091B /* SettingsViewController.m in Sources */ = {isa = PBXBuildFile; fileRef = 191C313E13D96F29007B091B /* SettingsViewController.m */; };
		191C314313D96F7A007B091B /* SettingsView.xib in Resources */ = {isa = PBXBuildFile; fileRef = 191C314213D96F7A007B091B /* SettingsView.xib */; };
		1961161713DEBD8200B1DCB5 /* Base64Transcoder.c in Sources */ = {isa = PBXBuildFile; fileRef = 196115FB13DEBD8200B1DCB5 /* Base64Transcoder.c */; };
		1961161813DEBD8200B1DCB5 /* NSMutableURLRequest+Parameters.m in Sources */ = {isa = PBXBuildFile; fileRef = 196115FE13DEBD8200B1DCB5 /* NSMutableURLRequest+Parameters.m */; };
		1961161913DEBD8200B1DCB5 /* NSString+URLEncoding.m in Sources */ = {isa = PBXBuildFile; fileRef = 1961160013DEBD8200B1DCB5 /* NSString+URLEncoding.m */; };
		1961161A13DEBD8200B1DCB5 /* NSURL+Base.m in Sources */ = {isa = PBXBuildFile; fileRef = 1961160213DEBD8200B1DCB5 /* NSURL+Base.m */; };
		1961161B13DEBD8200B1DCB5 /* OAAsynchronousDataFetcher.m in Sources */ = {isa = PBXBuildFile; fileRef = 1961160413DEBD8200B1DCB5 /* OAAsynchronousDataFetcher.m */; };
		1961161C13DEBD8200B1DCB5 /* OAConsumer.m in Sources */ = {isa = PBXBuildFile; fileRef = 1961160613DEBD8200B1DCB5 /* OAConsumer.m */; };
		1961161D13DEBD8200B1DCB5 /* OADataFetcher.m in Sources */ = {isa = PBXBuildFile; fileRef = 1961160813DEBD8200B1DCB5 /* OADataFetcher.m */; };
		1961161E13DEBD8200B1DCB5 /* OAHMAC_SHA1SignatureProvider.m in Sources */ = {isa = PBXBuildFile; fileRef = 1961160A13DEBD8200B1DCB5 /* OAHMAC_SHA1SignatureProvider.m */; };
		1961161F13DEBD8200B1DCB5 /* OAMutableURLRequest.m in Sources */ = {isa = PBXBuildFile; fileRef = 1961160C13DEBD8200B1DCB5 /* OAMutableURLRequest.m */; };
		1961162013DEBD8200B1DCB5 /* OAPlaintextSignatureProvider.m in Sources */ = {isa = PBXBuildFile; fileRef = 1961160E13DEBD8200B1DCB5 /* OAPlaintextSignatureProvider.m */; };
		1961162113DEBD8200B1DCB5 /* OARequestParameter.m in Sources */ = {isa = PBXBuildFile; fileRef = 1961161013DEBD8200B1DCB5 /* OARequestParameter.m */; };
		1961162213DEBD8200B1DCB5 /* OAServiceTicket.m in Sources */ = {isa = PBXBuildFile; fileRef = 1961161213DEBD8200B1DCB5 /* OAServiceTicket.m */; };
		1961162313DEBD8200B1DCB5 /* OAToken.m in Sources */ = {isa = PBXBuildFile; fileRef = 1961161513DEBD8200B1DCB5 /* OAToken.m */; };
		1961162D13E090A800B1DCB5 /* delta.png in Resources */ = {isa = PBXBuildFile; fileRef = 1961162C13E090A700B1DCB5 /* delta.png */; };
		1961162F13E090B700B1DCB5 /* delta_pressed.png in Resources */ = {isa = PBXBuildFile; fileRef = 1961162E13E090B700B1DCB5 /* delta_pressed.png */; };
		1961163113E09DED00B1DCB5 /* faceIcon.png in Resources */ = {isa = PBXBuildFile; fileRef = 1961163013E09DEC00B1DCB5 /* faceIcon.png */; };
		1961163513E13D7C00B1DCB5 /* mainbuttonblaa.png in Resources */ = {isa = PBXBuildFile; fileRef = 1961163213E13D7900B1DCB5 /* mainbuttonblaa.png */; };
		1961163613E13D7C00B1DCB5 /* mainbuttongronn.png in Resources */ = {isa = PBXBuildFile; fileRef = 1961163313E13D7A00B1DCB5 /* mainbuttongronn.png */; };
		1961163713E13D7C00B1DCB5 /* mainbuttongul.png in Resources */ = {isa = PBXBuildFile; fileRef = 1961163413E13D7B00B1DCB5 /* mainbuttongul.png */; };
		1961163913E146A100B1DCB5 /* mainbuttonstar.png in Resources */ = {isa = PBXBuildFile; fileRef = 1961163813E146A000B1DCB5 /* mainbuttonstar.png */; };
		1961163F13E1AB7300B1DCB5 /* katbutton3dalle.png in Resources */ = {isa = PBXBuildFile; fileRef = 1961163A13E1AB6F00B1DCB5 /* katbutton3dalle.png */; };
		1961164013E1AB7300B1DCB5 /* katbutton3dfest.png in Resources */ = {isa = PBXBuildFile; fileRef = 1961163B13E1AB6F00B1DCB5 /* katbutton3dfest.png */; };
		1961164113E1AB7300B1DCB5 /* katbutton3dkonsert.png in Resources */ = {isa = PBXBuildFile; fileRef = 1961163C13E1AB7000B1DCB5 /* katbutton3dkonsert.png */; };
		1961164213E1AB7300B1DCB5 /* katbutton3dkurs.png in Resources */ = {isa = PBXBuildFile; fileRef = 1961163D13E1AB7100B1DCB5 /* katbutton3dkurs.png */; };
		1961164513E1ABDD00B1DCB5 /* katbutton3drevy.png in Resources */ = {isa = PBXBuildFile; fileRef = 1961164413E1ABDD00B1DCB5 /* katbutton3drevy.png */; };
		1961164713E1B33600B1DCB5 /* mainbuttonfb.png in Resources */ = {isa = PBXBuildFile; fileRef = 1961164613E1B33500B1DCB5 /* mainbuttonfb.png */; };
		198B19BF13D444A3003AD828 /* Facebook.m in Sources */ = {isa = PBXBuildFile; fileRef = 198B19A413D444A3003AD828 /* Facebook.m */; };
		198B19C013D444A3003AD828 /* FBDialog.bundle in Resources */ = {isa = PBXBuildFile; fileRef = 198B19A713D444A3003AD828 /* FBDialog.bundle */; };
		198B19C113D444A3003AD828 /* FBDialog.m in Sources */ = {isa = PBXBuildFile; fileRef = 198B19A913D444A3003AD828 /* FBDialog.m */; };
		198B19C213D444A3003AD828 /* FBLoginDialog.m in Sources */ = {isa = PBXBuildFile; fileRef = 198B19AB13D444A3003AD828 /* FBLoginDialog.m */; };
		198B19C313D444A3003AD828 /* FBRequest.m in Sources */ = {isa = PBXBuildFile; fileRef = 198B19AD13D444A3003AD828 /* FBRequest.m */; };
		198B19C413D444A3003AD828 /* NSObject+SBJSON.m in Sources */ = {isa = PBXBuildFile; fileRef = 198B19B113D444A3003AD828 /* NSObject+SBJSON.m */; };
		198B19C513D444A3003AD828 /* NSString+SBJSON.m in Sources */ = {isa = PBXBuildFile; fileRef = 198B19B313D444A3003AD828 /* NSString+SBJSON.m */; };
		198B19C613D444A3003AD828 /* SBJSON.m in Sources */ = {isa = PBXBuildFile; fileRef = 198B19B513D444A3003AD828 /* SBJSON.m */; };
		198B19C713D444A3003AD828 /* SBJsonBase.m in Sources */ = {isa = PBXBuildFile; fileRef = 198B19B713D444A3003AD828 /* SBJsonBase.m */; };
		198B19C813D444A3003AD828 /* SBJsonParser.m in Sources */ = {isa = PBXBuildFile; fileRef = 198B19B913D444A3003AD828 /* SBJsonParser.m */; };
		198B19C913D444A3003AD828 /* SBJsonWriter.m in Sources */ = {isa = PBXBuildFile; fileRef = 198B19BB13D444A3003AD828 /* SBJsonWriter.m */; };
		198B19E213D48316003AD828 /* StartViewController.m in Sources */ = {isa = PBXBuildFile; fileRef = 198B19E113D48316003AD828 /* StartViewController.m */; };
		198B19E413D4834D003AD828 /* StartView.xib in Resources */ = {isa = PBXBuildFile; fileRef = 198B19E313D4834D003AD828 /* StartView.xib */; };
		198B19F013D6F057003AD828 /* FilterViewController.m in Sources */ = {isa = PBXBuildFile; fileRef = 198B19EF13D6F057003AD828 /* FilterViewController.m */; };
		198B19F213D6F07E003AD828 /* FilterView.xib in Resources */ = {isa = PBXBuildFile; fileRef = 198B19F113D6F07E003AD828 /* FilterView.xib */; };
		198B19F513D82849003AD828 /* FriendsTableViewController.m in Sources */ = {isa = PBXBuildFile; fileRef = 198B19F413D82848003AD828 /* FriendsTableViewController.m */; };
		198B19FA13D8296E003AD828 /* favorite.png in Resources */ = {isa = PBXBuildFile; fileRef = 198B19F713D8296D003AD828 /* favorite.png */; };
		198B19FB13D8296E003AD828 /* unfavorite.png in Resources */ = {isa = PBXBuildFile; fileRef = 198B19F813D8296D003AD828 /* unfavorite.png */; };
		198B19FF13D835D9003AD828 /* FriendsTableView.xib in Resources */ = {isa = PBXBuildFile; fileRef = 198B19FE13D835D9003AD828 /* FriendsTableView.xib */; };
		1992921913B9C3F3001689C8 /* UIKit.framework in Frameworks */ = {isa = PBXBuildFile; fileRef = 1992921813B9C3F3001689C8 /* UIKit.framework */; };
		1992921B13B9C3F3001689C8 /* Foundation.framework in Frameworks */ = {isa = PBXBuildFile; fileRef = 1992921A13B9C3F3001689C8 /* Foundation.framework */; };
		1992921D13B9C3F3001689C8 /* CoreGraphics.framework in Frameworks */ = {isa = PBXBuildFile; fileRef = 1992921C13B9C3F3001689C8 /* CoreGraphics.framework */; };
		1992921F13B9C3F3001689C8 /* CoreData.framework in Frameworks */ = {isa = PBXBuildFile; fileRef = 1992921E13B9C3F3001689C8 /* CoreData.framework */; };
		1992922513B9C3F3001689C8 /* InfoPlist.strings in Resources */ = {isa = PBXBuildFile; fileRef = 1992922313B9C3F3001689C8 /* InfoPlist.strings */; };
		1992922813B9C3F3001689C8 /* main.m in Sources */ = {isa = PBXBuildFile; fileRef = 1992922713B9C3F3001689C8 /* main.m */; };
		1992922B13B9C3F3001689C8 /* UKEprogramAppDelegate.m in Sources */ = {isa = PBXBuildFile; fileRef = 1992922A13B9C3F3001689C8 /* UKEprogramAppDelegate.m */; };
		1992922E13B9C3F3001689C8 /* MainWindow.xib in Resources */ = {isa = PBXBuildFile; fileRef = 1992922C13B9C3F3001689C8 /* MainWindow.xib */; };
		1992923113B9C3F3001689C8 /* UKEprogram.xcdatamodeld in Sources */ = {isa = PBXBuildFile; fileRef = 1992922F13B9C3F3001689C8 /* UKEprogram.xcdatamodeld */; };
		1992923913B9CBAF001689C8 /* EventsTableViewController.m in Sources */ = {isa = PBXBuildFile; fileRef = 1992923813B9CBAF001689C8 /* EventsTableViewController.m */; };
		1992923B13B9CE9C001689C8 /* EventsTableView.xib in Resources */ = {isa = PBXBuildFile; fileRef = 1992923A13B9CE9C001689C8 /* EventsTableView.xib */; };
		1992923E13B9D578001689C8 /* EventDetailsViewController.m in Sources */ = {isa = PBXBuildFile; fileRef = 1992923D13B9D578001689C8 /* EventDetailsViewController.m */; };
		1992924013B9D5BE001689C8 /* EventDetailsView.xib in Resources */ = {isa = PBXBuildFile; fileRef = 1992923F13B9D5BE001689C8 /* EventDetailsView.xib */; };
		1992924413B9EC89001689C8 /* Event.m in Sources */ = {isa = PBXBuildFile; fileRef = 1992924313B9EC89001689C8 /* Event.m */; };
		1992924613B9F48B001689C8 /* iPhoneIcon_Big.png in Resources */ = {isa = PBXBuildFile; fileRef = 1992924513B9F48B001689C8 /* iPhoneIcon_Big.png */; };
		1992924813B9F4D6001689C8 /* iPhoneIcon_Small.png in Resources */ = {isa = PBXBuildFile; fileRef = 1992924713B9F4D6001689C8 /* iPhoneIcon_Small.png */; };
		1992924B13BA01B5001689C8 /* ApiWrapper.m in Sources */ = {isa = PBXBuildFile; fileRef = 1992924A13BA01B5001689C8 /* ApiWrapper.m */; };
		1997656913D9AC890041B03D /* currentValue.png in Resources */ = {isa = PBXBuildFile; fileRef = 1997656813D9AC890041B03D /* currentValue.png */; };
		19A3CDCA141AF50A00C8501E /* datePickerBackground.png in Resources */ = {isa = PBXBuildFile; fileRef = 19A3CDC7141AF50A00C8501E /* datePickerBackground.png */; };
		19A3CDCB141AF50A00C8501E /* datePickerTransparentLayer.png in Resources */ = {isa = PBXBuildFile; fileRef = 19A3CDC8141AF50A00C8501E /* datePickerTransparentLayer.png */; };
		19A3CDCC141AF50A00C8501E /* tableRowHeader.png in Resources */ = {isa = PBXBuildFile; fileRef = 19A3CDC9141AF50A00C8501E /* tableRowHeader.png */; };
		19A3CDCF141D29E900C8501E /* placeHolderImage.png in Resources */ = {isa = PBXBuildFile; fileRef = 19A3CDCE141D29E900C8501E /* placeHolderImage.png */; };
		19C8FAD313BDB19B001B5CB9 /* Default.png in Resources */ = {isa = PBXBuildFile; fileRef = 19C8FAD213BDB19B001B5CB9 /* Default.png */; };
/* End PBXBuildFile section */

/* Begin PBXCopyFilesBuildPhase section */
		196115F413DEB1FC00B1DCB5 /* CopyFiles */ = {
			isa = PBXCopyFilesBuildPhase;
			buildActionMask = 2147483647;
			dstPath = "";
			dstSubfolderSpec = 10;
			files = (
			);
			runOnlyForDeploymentPostprocessing = 0;
		};
/* End PBXCopyFilesBuildPhase section */

/* Begin PBXFileReference section */
		191C30FF13D84CEA007B091B /* mainbottomright.png */ = {isa = PBXFileReference; lastKnownFileType = image.png; path = mainbottomright.png; sourceTree = "<group>"; };
		191C310113D85277007B091B /* mainlogo.png */ = {isa = PBXFileReference; lastKnownFileType = image.png; path = mainlogo.png; sourceTree = "<group>"; };
		191C310213D85277007B091B /* maintopleft.png */ = {isa = PBXFileReference; lastKnownFileType = image.png; path = maintopleft.png; sourceTree = "<group>"; };
		191C312313D8684E007B091B /* mainbuttonartister.png */ = {isa = PBXFileReference; lastKnownFileType = image.png; path = mainbuttonartister.png; sourceTree = "<group>"; };
		191C312413D8684E007B091B /* mainbuttonfav.png */ = {isa = PBXFileReference; lastKnownFileType = image.png; path = mainbuttonfav.png; sourceTree = "<group>"; };
		191C312513D8684E007B091B /* mainbuttonsteder.png */ = {isa = PBXFileReference; lastKnownFileType = image.png; path = mainbuttonsteder.png; sourceTree = "<group>"; };
		191C312913D883A2007B091B /* Default@2x.png */ = {isa = PBXFileReference; lastKnownFileType = image.png; path = "Default@2x.png"; sourceTree = "<group>"; };
		191C312B13D88CE2007B091B /* template.png */ = {isa = PBXFileReference; lastKnownFileType = image.png; path = template.png; sourceTree = "<group>"; };
		191C312E13D89F88007B091B /* choose_button.png */ = {isa = PBXFileReference; lastKnownFileType = image.png; path = choose_button.png; sourceTree = "<group>"; };
		191C313113D8A07D007B091B /* calendar_button.png */ = {isa = PBXFileReference; lastKnownFileType = image.png; path = calendar_button.png; sourceTree = "<group>"; };
		191C313D13D96F28007B091B /* SettingsViewController.h */ = {isa = PBXFileReference; fileEncoding = 4; lastKnownFileType = sourcecode.c.h; path = SettingsViewController.h; sourceTree = "<group>"; };
		191C313E13D96F29007B091B /* SettingsViewController.m */ = {isa = PBXFileReference; fileEncoding = 4; lastKnownFileType = sourcecode.c.objc; path = SettingsViewController.m; sourceTree = "<group>"; };
		191C314213D96F7A007B091B /* SettingsView.xib */ = {isa = PBXFileReference; fileEncoding = 4; lastKnownFileType = file.xib; path = SettingsView.xib; sourceTree = "<group>"; };
		196115FB13DEBD8200B1DCB5 /* Base64Transcoder.c */ = {isa = PBXFileReference; fileEncoding = 4; lastKnownFileType = sourcecode.c.c; path = Base64Transcoder.c; sourceTree = "<group>"; };
		196115FC13DEBD8200B1DCB5 /* Base64Transcoder.h */ = {isa = PBXFileReference; fileEncoding = 4; lastKnownFileType = sourcecode.c.h; path = Base64Transcoder.h; sourceTree = "<group>"; };
		196115FD13DEBD8200B1DCB5 /* NSMutableURLRequest+Parameters.h */ = {isa = PBXFileReference; fileEncoding = 4; lastKnownFileType = sourcecode.c.h; path = "NSMutableURLRequest+Parameters.h"; sourceTree = "<group>"; };
		196115FE13DEBD8200B1DCB5 /* NSMutableURLRequest+Parameters.m */ = {isa = PBXFileReference; fileEncoding = 4; lastKnownFileType = sourcecode.c.objc; path = "NSMutableURLRequest+Parameters.m"; sourceTree = "<group>"; };
		196115FF13DEBD8200B1DCB5 /* NSString+URLEncoding.h */ = {isa = PBXFileReference; fileEncoding = 4; lastKnownFileType = sourcecode.c.h; path = "NSString+URLEncoding.h"; sourceTree = "<group>"; };
		1961160013DEBD8200B1DCB5 /* NSString+URLEncoding.m */ = {isa = PBXFileReference; fileEncoding = 4; lastKnownFileType = sourcecode.c.objc; path = "NSString+URLEncoding.m"; sourceTree = "<group>"; };
		1961160113DEBD8200B1DCB5 /* NSURL+Base.h */ = {isa = PBXFileReference; fileEncoding = 4; lastKnownFileType = sourcecode.c.h; path = "NSURL+Base.h"; sourceTree = "<group>"; };
		1961160213DEBD8200B1DCB5 /* NSURL+Base.m */ = {isa = PBXFileReference; fileEncoding = 4; lastKnownFileType = sourcecode.c.objc; path = "NSURL+Base.m"; sourceTree = "<group>"; };
		1961160313DEBD8200B1DCB5 /* OAAsynchronousDataFetcher.h */ = {isa = PBXFileReference; fileEncoding = 4; lastKnownFileType = sourcecode.c.h; path = OAAsynchronousDataFetcher.h; sourceTree = "<group>"; };
		1961160413DEBD8200B1DCB5 /* OAAsynchronousDataFetcher.m */ = {isa = PBXFileReference; fileEncoding = 4; lastKnownFileType = sourcecode.c.objc; path = OAAsynchronousDataFetcher.m; sourceTree = "<group>"; };
		1961160513DEBD8200B1DCB5 /* OAConsumer.h */ = {isa = PBXFileReference; fileEncoding = 4; lastKnownFileType = sourcecode.c.h; path = OAConsumer.h; sourceTree = "<group>"; };
		1961160613DEBD8200B1DCB5 /* OAConsumer.m */ = {isa = PBXFileReference; fileEncoding = 4; lastKnownFileType = sourcecode.c.objc; path = OAConsumer.m; sourceTree = "<group>"; };
		1961160713DEBD8200B1DCB5 /* OADataFetcher.h */ = {isa = PBXFileReference; fileEncoding = 4; lastKnownFileType = sourcecode.c.h; path = OADataFetcher.h; sourceTree = "<group>"; };
		1961160813DEBD8200B1DCB5 /* OADataFetcher.m */ = {isa = PBXFileReference; fileEncoding = 4; lastKnownFileType = sourcecode.c.objc; path = OADataFetcher.m; sourceTree = "<group>"; };
		1961160913DEBD8200B1DCB5 /* OAHMAC_SHA1SignatureProvider.h */ = {isa = PBXFileReference; fileEncoding = 4; lastKnownFileType = sourcecode.c.h; path = OAHMAC_SHA1SignatureProvider.h; sourceTree = "<group>"; };
		1961160A13DEBD8200B1DCB5 /* OAHMAC_SHA1SignatureProvider.m */ = {isa = PBXFileReference; fileEncoding = 4; lastKnownFileType = sourcecode.c.objc; path = OAHMAC_SHA1SignatureProvider.m; sourceTree = "<group>"; };
		1961160B13DEBD8200B1DCB5 /* OAMutableURLRequest.h */ = {isa = PBXFileReference; fileEncoding = 4; lastKnownFileType = sourcecode.c.h; path = OAMutableURLRequest.h; sourceTree = "<group>"; };
		1961160C13DEBD8200B1DCB5 /* OAMutableURLRequest.m */ = {isa = PBXFileReference; fileEncoding = 4; lastKnownFileType = sourcecode.c.objc; path = OAMutableURLRequest.m; sourceTree = "<group>"; };
		1961160D13DEBD8200B1DCB5 /* OAPlaintextSignatureProvider.h */ = {isa = PBXFileReference; fileEncoding = 4; lastKnownFileType = sourcecode.c.h; path = OAPlaintextSignatureProvider.h; sourceTree = "<group>"; };
		1961160E13DEBD8200B1DCB5 /* OAPlaintextSignatureProvider.m */ = {isa = PBXFileReference; fileEncoding = 4; lastKnownFileType = sourcecode.c.objc; path = OAPlaintextSignatureProvider.m; sourceTree = "<group>"; };
		1961160F13DEBD8200B1DCB5 /* OARequestParameter.h */ = {isa = PBXFileReference; fileEncoding = 4; lastKnownFileType = sourcecode.c.h; path = OARequestParameter.h; sourceTree = "<group>"; };
		1961161013DEBD8200B1DCB5 /* OARequestParameter.m */ = {isa = PBXFileReference; fileEncoding = 4; lastKnownFileType = sourcecode.c.objc; path = OARequestParameter.m; sourceTree = "<group>"; };
		1961161113DEBD8200B1DCB5 /* OAServiceTicket.h */ = {isa = PBXFileReference; fileEncoding = 4; lastKnownFileType = sourcecode.c.h; path = OAServiceTicket.h; sourceTree = "<group>"; };
		1961161213DEBD8200B1DCB5 /* OAServiceTicket.m */ = {isa = PBXFileReference; fileEncoding = 4; lastKnownFileType = sourcecode.c.objc; path = OAServiceTicket.m; sourceTree = "<group>"; };
		1961161313DEBD8200B1DCB5 /* OASignatureProviding.h */ = {isa = PBXFileReference; fileEncoding = 4; lastKnownFileType = sourcecode.c.h; path = OASignatureProviding.h; sourceTree = "<group>"; };
		1961161413DEBD8200B1DCB5 /* OAToken.h */ = {isa = PBXFileReference; fileEncoding = 4; lastKnownFileType = sourcecode.c.h; path = OAToken.h; sourceTree = "<group>"; };
		1961161513DEBD8200B1DCB5 /* OAToken.m */ = {isa = PBXFileReference; fileEncoding = 4; lastKnownFileType = sourcecode.c.objc; path = OAToken.m; sourceTree = "<group>"; };
		1961161613DEBD8200B1DCB5 /* OAuthConsumer.h */ = {isa = PBXFileReference; fileEncoding = 4; lastKnownFileType = sourcecode.c.h; path = OAuthConsumer.h; sourceTree = "<group>"; };
		1961162C13E090A700B1DCB5 /* delta.png */ = {isa = PBXFileReference; lastKnownFileType = image.png; path = delta.png; sourceTree = "<group>"; };
		1961162E13E090B700B1DCB5 /* delta_pressed.png */ = {isa = PBXFileReference; lastKnownFileType = image.png; path = delta_pressed.png; sourceTree = "<group>"; };
		1961163013E09DEC00B1DCB5 /* faceIcon.png */ = {isa = PBXFileReference; lastKnownFileType = image.png; path = faceIcon.png; sourceTree = "<group>"; };
		1961163213E13D7900B1DCB5 /* mainbuttonblaa.png */ = {isa = PBXFileReference; lastKnownFileType = image.png; path = mainbuttonblaa.png; sourceTree = "<group>"; };
		1961163313E13D7A00B1DCB5 /* mainbuttongronn.png */ = {isa = PBXFileReference; lastKnownFileType = image.png; path = mainbuttongronn.png; sourceTree = "<group>"; };
		1961163413E13D7B00B1DCB5 /* mainbuttongul.png */ = {isa = PBXFileReference; lastKnownFileType = image.png; path = mainbuttongul.png; sourceTree = "<group>"; };
		1961163813E146A000B1DCB5 /* mainbuttonstar.png */ = {isa = PBXFileReference; lastKnownFileType = image.png; path = mainbuttonstar.png; sourceTree = "<group>"; };
		1961163A13E1AB6F00B1DCB5 /* katbutton3dalle.png */ = {isa = PBXFileReference; lastKnownFileType = image.png; path = katbutton3dalle.png; sourceTree = "<group>"; };
		1961163B13E1AB6F00B1DCB5 /* katbutton3dfest.png */ = {isa = PBXFileReference; lastKnownFileType = image.png; path = katbutton3dfest.png; sourceTree = "<group>"; };
		1961163C13E1AB7000B1DCB5 /* katbutton3dkonsert.png */ = {isa = PBXFileReference; lastKnownFileType = image.png; path = katbutton3dkonsert.png; sourceTree = "<group>"; };
		1961163D13E1AB7100B1DCB5 /* katbutton3dkurs.png */ = {isa = PBXFileReference; lastKnownFileType = image.png; path = katbutton3dkurs.png; sourceTree = "<group>"; };
		1961164413E1ABDD00B1DCB5 /* katbutton3drevy.png */ = {isa = PBXFileReference; lastKnownFileType = image.png; path = katbutton3drevy.png; sourceTree = "<group>"; };
		1961164613E1B33500B1DCB5 /* mainbuttonfb.png */ = {isa = PBXFileReference; lastKnownFileType = image.png; path = mainbuttonfb.png; sourceTree = "<group>"; };
		198B19A313D444A3003AD828 /* Facebook.h */ = {isa = PBXFileReference; fileEncoding = 4; lastKnownFileType = sourcecode.c.h; path = Facebook.h; sourceTree = "<group>"; };
		198B19A413D444A3003AD828 /* Facebook.m */ = {isa = PBXFileReference; fileEncoding = 4; lastKnownFileType = sourcecode.c.objc; path = Facebook.m; sourceTree = "<group>"; };
		198B19A513D444A3003AD828 /* facebook_ios_sdk_Prefix.pch */ = {isa = PBXFileReference; fileEncoding = 4; lastKnownFileType = sourcecode.c.h; path = facebook_ios_sdk_Prefix.pch; sourceTree = "<group>"; };
		198B19A613D444A3003AD828 /* FBConnect.h */ = {isa = PBXFileReference; fileEncoding = 4; lastKnownFileType = sourcecode.c.h; path = FBConnect.h; sourceTree = "<group>"; };
		198B19A713D444A3003AD828 /* FBDialog.bundle */ = {isa = PBXFileReference; lastKnownFileType = "wrapper.plug-in"; path = FBDialog.bundle; sourceTree = "<group>"; };
		198B19A813D444A3003AD828 /* FBDialog.h */ = {isa = PBXFileReference; fileEncoding = 4; lastKnownFileType = sourcecode.c.h; path = FBDialog.h; sourceTree = "<group>"; };
		198B19A913D444A3003AD828 /* FBDialog.m */ = {isa = PBXFileReference; fileEncoding = 4; lastKnownFileType = sourcecode.c.objc; path = FBDialog.m; sourceTree = "<group>"; };
		198B19AA13D444A3003AD828 /* FBLoginDialog.h */ = {isa = PBXFileReference; fileEncoding = 4; lastKnownFileType = sourcecode.c.h; path = FBLoginDialog.h; sourceTree = "<group>"; };
		198B19AB13D444A3003AD828 /* FBLoginDialog.m */ = {isa = PBXFileReference; fileEncoding = 4; lastKnownFileType = sourcecode.c.objc; path = FBLoginDialog.m; sourceTree = "<group>"; };
		198B19AC13D444A3003AD828 /* FBRequest.h */ = {isa = PBXFileReference; fileEncoding = 4; lastKnownFileType = sourcecode.c.h; path = FBRequest.h; sourceTree = "<group>"; };
		198B19AD13D444A3003AD828 /* FBRequest.m */ = {isa = PBXFileReference; fileEncoding = 4; lastKnownFileType = sourcecode.c.objc; path = FBRequest.m; sourceTree = "<group>"; };
		198B19AF13D444A3003AD828 /* JSON.h */ = {isa = PBXFileReference; fileEncoding = 4; lastKnownFileType = sourcecode.c.h; path = JSON.h; sourceTree = "<group>"; };
		198B19B013D444A3003AD828 /* NSObject+SBJSON.h */ = {isa = PBXFileReference; fileEncoding = 4; lastKnownFileType = sourcecode.c.h; path = "NSObject+SBJSON.h"; sourceTree = "<group>"; };
		198B19B113D444A3003AD828 /* NSObject+SBJSON.m */ = {isa = PBXFileReference; fileEncoding = 4; lastKnownFileType = sourcecode.c.objc; path = "NSObject+SBJSON.m"; sourceTree = "<group>"; };
		198B19B213D444A3003AD828 /* NSString+SBJSON.h */ = {isa = PBXFileReference; fileEncoding = 4; lastKnownFileType = sourcecode.c.h; path = "NSString+SBJSON.h"; sourceTree = "<group>"; };
		198B19B313D444A3003AD828 /* NSString+SBJSON.m */ = {isa = PBXFileReference; fileEncoding = 4; lastKnownFileType = sourcecode.c.objc; path = "NSString+SBJSON.m"; sourceTree = "<group>"; };
		198B19B413D444A3003AD828 /* SBJSON.h */ = {isa = PBXFileReference; fileEncoding = 4; lastKnownFileType = sourcecode.c.h; path = SBJSON.h; sourceTree = "<group>"; };
		198B19B513D444A3003AD828 /* SBJSON.m */ = {isa = PBXFileReference; fileEncoding = 4; lastKnownFileType = sourcecode.c.objc; path = SBJSON.m; sourceTree = "<group>"; };
		198B19B613D444A3003AD828 /* SBJsonBase.h */ = {isa = PBXFileReference; fileEncoding = 4; lastKnownFileType = sourcecode.c.h; path = SBJsonBase.h; sourceTree = "<group>"; };
		198B19B713D444A3003AD828 /* SBJsonBase.m */ = {isa = PBXFileReference; fileEncoding = 4; lastKnownFileType = sourcecode.c.objc; path = SBJsonBase.m; sourceTree = "<group>"; };
		198B19B813D444A3003AD828 /* SBJsonParser.h */ = {isa = PBXFileReference; fileEncoding = 4; lastKnownFileType = sourcecode.c.h; path = SBJsonParser.h; sourceTree = "<group>"; };
		198B19B913D444A3003AD828 /* SBJsonParser.m */ = {isa = PBXFileReference; fileEncoding = 4; lastKnownFileType = sourcecode.c.objc; path = SBJsonParser.m; sourceTree = "<group>"; };
		198B19BA13D444A3003AD828 /* SBJsonWriter.h */ = {isa = PBXFileReference; fileEncoding = 4; lastKnownFileType = sourcecode.c.h; path = SBJsonWriter.h; sourceTree = "<group>"; };
		198B19BB13D444A3003AD828 /* SBJsonWriter.m */ = {isa = PBXFileReference; fileEncoding = 4; lastKnownFileType = sourcecode.c.objc; path = SBJsonWriter.m; sourceTree = "<group>"; };
		198B19E013D48316003AD828 /* StartViewController.h */ = {isa = PBXFileReference; fileEncoding = 4; lastKnownFileType = sourcecode.c.h; name = StartViewController.h; path = ../StartViewController.h; sourceTree = "<group>"; };
		198B19E113D48316003AD828 /* StartViewController.m */ = {isa = PBXFileReference; fileEncoding = 4; lastKnownFileType = sourcecode.c.objc; name = StartViewController.m; path = ../StartViewController.m; sourceTree = "<group>"; };
		198B19E313D4834D003AD828 /* StartView.xib */ = {isa = PBXFileReference; fileEncoding = 4; lastKnownFileType = file.xib; name = StartView.xib; path = ../StartView.xib; sourceTree = "<group>"; };
		198B19EE13D6F056003AD828 /* FilterViewController.h */ = {isa = PBXFileReference; fileEncoding = 4; lastKnownFileType = sourcecode.c.h; path = FilterViewController.h; sourceTree = "<group>"; };
		198B19EF13D6F057003AD828 /* FilterViewController.m */ = {isa = PBXFileReference; fileEncoding = 4; lastKnownFileType = sourcecode.c.objc; path = FilterViewController.m; sourceTree = "<group>"; };
		198B19F113D6F07E003AD828 /* FilterView.xib */ = {isa = PBXFileReference; fileEncoding = 4; lastKnownFileType = file.xib; path = FilterView.xib; sourceTree = "<group>"; };
		198B19F313D82847003AD828 /* FriendsTableViewController.h */ = {isa = PBXFileReference; fileEncoding = 4; lastKnownFileType = sourcecode.c.h; path = FriendsTableViewController.h; sourceTree = "<group>"; };
		198B19F413D82848003AD828 /* FriendsTableViewController.m */ = {isa = PBXFileReference; fileEncoding = 4; lastKnownFileType = sourcecode.c.objc; path = FriendsTableViewController.m; sourceTree = "<group>"; };
		198B19F713D8296D003AD828 /* favorite.png */ = {isa = PBXFileReference; lastKnownFileType = image.png; path = favorite.png; sourceTree = "<group>"; };
		198B19F813D8296D003AD828 /* unfavorite.png */ = {isa = PBXFileReference; lastKnownFileType = image.png; path = unfavorite.png; sourceTree = "<group>"; };
		198B19FE13D835D9003AD828 /* FriendsTableView.xib */ = {isa = PBXFileReference; fileEncoding = 4; lastKnownFileType = file.xib; path = FriendsTableView.xib; sourceTree = "<group>"; };
		1992921413B9C3F3001689C8 /* UKEprogram.app */ = {isa = PBXFileReference; explicitFileType = wrapper.application; includeInIndex = 0; path = UKEprogram.app; sourceTree = BUILT_PRODUCTS_DIR; };
		1992921813B9C3F3001689C8 /* UIKit.framework */ = {isa = PBXFileReference; lastKnownFileType = wrapper.framework; name = UIKit.framework; path = System/Library/Frameworks/UIKit.framework; sourceTree = SDKROOT; };
		1992921A13B9C3F3001689C8 /* Foundation.framework */ = {isa = PBXFileReference; lastKnownFileType = wrapper.framework; name = Foundation.framework; path = System/Library/Frameworks/Foundation.framework; sourceTree = SDKROOT; };
		1992921C13B9C3F3001689C8 /* CoreGraphics.framework */ = {isa = PBXFileReference; lastKnownFileType = wrapper.framework; name = CoreGraphics.framework; path = System/Library/Frameworks/CoreGraphics.framework; sourceTree = SDKROOT; };
		1992921E13B9C3F3001689C8 /* CoreData.framework */ = {isa = PBXFileReference; lastKnownFileType = wrapper.framework; name = CoreData.framework; path = System/Library/Frameworks/CoreData.framework; sourceTree = SDKROOT; };
		1992922213B9C3F3001689C8 /* UKEprogram-Info.plist */ = {isa = PBXFileReference; lastKnownFileType = text.plist.xml; path = "UKEprogram-Info.plist"; sourceTree = "<group>"; };
		1992922413B9C3F3001689C8 /* en */ = {isa = PBXFileReference; lastKnownFileType = text.plist.strings; name = en; path = en.lproj/InfoPlist.strings; sourceTree = "<group>"; };
		1992922613B9C3F3001689C8 /* UKEprogram-Prefix.pch */ = {isa = PBXFileReference; lastKnownFileType = sourcecode.c.h; path = "UKEprogram-Prefix.pch"; sourceTree = "<group>"; };
		1992922713B9C3F3001689C8 /* main.m */ = {isa = PBXFileReference; lastKnownFileType = sourcecode.c.objc; path = main.m; sourceTree = "<group>"; };
		1992922913B9C3F3001689C8 /* UKEprogramAppDelegate.h */ = {isa = PBXFileReference; lastKnownFileType = sourcecode.c.h; path = UKEprogramAppDelegate.h; sourceTree = "<group>"; };
		1992922A13B9C3F3001689C8 /* UKEprogramAppDelegate.m */ = {isa = PBXFileReference; lastKnownFileType = sourcecode.c.objc; path = UKEprogramAppDelegate.m; sourceTree = "<group>"; };
		1992922D13B9C3F3001689C8 /* en */ = {isa = PBXFileReference; lastKnownFileType = file.xib; name = en; path = en.lproj/MainWindow.xib; sourceTree = "<group>"; };
		1992923013B9C3F3001689C8 /* UKEprogram.xcdatamodel */ = {isa = PBXFileReference; lastKnownFileType = wrapper.xcdatamodel; path = UKEprogram.xcdatamodel; sourceTree = "<group>"; };
		1992923713B9CBAF001689C8 /* EventsTableViewController.h */ = {isa = PBXFileReference; fileEncoding = 4; lastKnownFileType = sourcecode.c.h; path = EventsTableViewController.h; sourceTree = "<group>"; };
		1992923813B9CBAF001689C8 /* EventsTableViewController.m */ = {isa = PBXFileReference; fileEncoding = 4; lastKnownFileType = sourcecode.c.objc; path = EventsTableViewController.m; sourceTree = "<group>"; };
		1992923A13B9CE9C001689C8 /* EventsTableView.xib */ = {isa = PBXFileReference; fileEncoding = 4; lastKnownFileType = file.xib; path = EventsTableView.xib; sourceTree = "<group>"; };
		1992923C13B9D578001689C8 /* EventDetailsViewController.h */ = {isa = PBXFileReference; fileEncoding = 4; lastKnownFileType = sourcecode.c.h; path = EventDetailsViewController.h; sourceTree = "<group>"; };
		1992923D13B9D578001689C8 /* EventDetailsViewController.m */ = {isa = PBXFileReference; fileEncoding = 4; lastKnownFileType = sourcecode.c.objc; path = EventDetailsViewController.m; sourceTree = "<group>"; };
		1992923F13B9D5BE001689C8 /* EventDetailsView.xib */ = {isa = PBXFileReference; fileEncoding = 4; lastKnownFileType = file.xib; path = EventDetailsView.xib; sourceTree = "<group>"; };
		1992924213B9EC89001689C8 /* Event.h */ = {isa = PBXFileReference; fileEncoding = 4; lastKnownFileType = sourcecode.c.h; path = Event.h; sourceTree = "<group>"; };
		1992924313B9EC89001689C8 /* Event.m */ = {isa = PBXFileReference; fileEncoding = 4; lastKnownFileType = sourcecode.c.objc; path = Event.m; sourceTree = "<group>"; };
		1992924513B9F48B001689C8 /* iPhoneIcon_Big.png */ = {isa = PBXFileReference; lastKnownFileType = image.png; path = iPhoneIcon_Big.png; sourceTree = "<group>"; };
		1992924713B9F4D6001689C8 /* iPhoneIcon_Small.png */ = {isa = PBXFileReference; lastKnownFileType = image.png; path = iPhoneIcon_Small.png; sourceTree = "<group>"; };
		1992924913BA01B5001689C8 /* ApiWrapper.h */ = {isa = PBXFileReference; fileEncoding = 4; lastKnownFileType = sourcecode.c.h; path = ApiWrapper.h; sourceTree = "<group>"; };
		1992924A13BA01B5001689C8 /* ApiWrapper.m */ = {isa = PBXFileReference; fileEncoding = 4; lastKnownFileType = sourcecode.c.objc; path = ApiWrapper.m; sourceTree = "<group>"; };
		1997656813D9AC890041B03D /* currentValue.png */ = {isa = PBXFileReference; lastKnownFileType = image.png; path = currentValue.png; sourceTree = "<group>"; };
		19A3CDC7141AF50A00C8501E /* datePickerBackground.png */ = {isa = PBXFileReference; lastKnownFileType = image.png; path = datePickerBackground.png; sourceTree = "<group>"; };
		19A3CDC8141AF50A00C8501E /* datePickerTransparentLayer.png */ = {isa = PBXFileReference; lastKnownFileType = image.png; path = datePickerTransparentLayer.png; sourceTree = "<group>"; };
		19A3CDC9141AF50A00C8501E /* tableRowHeader.png */ = {isa = PBXFileReference; lastKnownFileType = image.png; path = tableRowHeader.png; sourceTree = "<group>"; };
		19A3CDCE141D29E900C8501E /* placeHolderImage.png */ = {isa = PBXFileReference; lastKnownFileType = image.png; path = placeHolderImage.png; sourceTree = "<group>"; };
		19C8FAD213BDB19B001B5CB9 /* Default.png */ = {isa = PBXFileReference; lastKnownFileType = image.png; path = Default.png; sourceTree = "<group>"; };
/* End PBXFileReference section */

/* Begin PBXFrameworksBuildPhase section */
		1992921113B9C3F3001689C8 /* Frameworks */ = {
			isa = PBXFrameworksBuildPhase;
			buildActionMask = 2147483647;
			files = (
				1992921913B9C3F3001689C8 /* UIKit.framework in Frameworks */,
				1992921B13B9C3F3001689C8 /* Foundation.framework in Frameworks */,
				1992921D13B9C3F3001689C8 /* CoreGraphics.framework in Frameworks */,
				1992921F13B9C3F3001689C8 /* CoreData.framework in Frameworks */,
			);
			runOnlyForDeploymentPostprocessing = 0;
		};
/* End PBXFrameworksBuildPhase section */

/* Begin PBXGroup section */
		191C30FD13D84CC4007B091B /* images */ = {
			isa = PBXGroup;
			children = (
				19A3CDCE141D29E900C8501E /* placeHolderImage.png */,
				1961163A13E1AB6F00B1DCB5 /* katbutton3dalle.png */,
				1961163B13E1AB6F00B1DCB5 /* katbutton3dfest.png */,
				1961163C13E1AB7000B1DCB5 /* katbutton3dkonsert.png */,
				1961163D13E1AB7100B1DCB5 /* katbutton3dkurs.png */,
				1961164413E1ABDD00B1DCB5 /* katbutton3drevy.png */,
				191C313113D8A07D007B091B /* calendar_button.png */,
				191C312E13D89F88007B091B /* choose_button.png */,
				191C312B13D88CE2007B091B /* template.png */,
				191C312313D8684E007B091B /* mainbuttonartister.png */,
				191C312413D8684E007B091B /* mainbuttonfav.png */,
				191C312513D8684E007B091B /* mainbuttonsteder.png */,
				1992924513B9F48B001689C8 /* iPhoneIcon_Big.png */,
				1961162C13E090A700B1DCB5 /* delta.png */,
				1961162E13E090B700B1DCB5 /* delta_pressed.png */,
				1961164613E1B33500B1DCB5 /* mainbuttonfb.png */,
				1992924713B9F4D6001689C8 /* iPhoneIcon_Small.png */,
				19A3CDC7141AF50A00C8501E /* datePickerBackground.png */,
				19A3CDC8141AF50A00C8501E /* datePickerTransparentLayer.png */,
				19A3CDC9141AF50A00C8501E /* tableRowHeader.png */,
				1997656813D9AC890041B03D /* currentValue.png */,
				198B19F813D8296D003AD828 /* unfavorite.png */,
				198B19F713D8296D003AD828 /* favorite.png */,
				19C8FAD213BDB19B001B5CB9 /* Default.png */,
				1961163213E13D7900B1DCB5 /* mainbuttonblaa.png */,
				1961163313E13D7A00B1DCB5 /* mainbuttongronn.png */,
				1961163413E13D7B00B1DCB5 /* mainbuttongul.png */,
				191C310113D85277007B091B /* mainlogo.png */,
				191C312913D883A2007B091B /* Default@2x.png */,
				191C310213D85277007B091B /* maintopleft.png */,
				191C30FF13D84CEA007B091B /* mainbottomright.png */,
				1961163813E146A000B1DCB5 /* mainbuttonstar.png */,
				1961163013E09DEC00B1DCB5 /* faceIcon.png */,
			);
			name = images;
			sourceTree = "<group>";
		};
		196115F513DEB23100B1DCB5 /* Linked Frameworks */ = {
			isa = PBXGroup;
			children = (
			);
			name = "Linked Frameworks";
			sourceTree = "<group>";
		};
		196115F913DEBD8200B1DCB5 /* OAuthConsumer */ = {
			isa = PBXGroup;
			children = (
				196115FA13DEBD8200B1DCB5 /* Crypto */,
				196115FD13DEBD8200B1DCB5 /* NSMutableURLRequest+Parameters.h */,
				196115FE13DEBD8200B1DCB5 /* NSMutableURLRequest+Parameters.m */,
				196115FF13DEBD8200B1DCB5 /* NSString+URLEncoding.h */,
				1961160013DEBD8200B1DCB5 /* NSString+URLEncoding.m */,
				1961160113DEBD8200B1DCB5 /* NSURL+Base.h */,
				1961160213DEBD8200B1DCB5 /* NSURL+Base.m */,
				1961160313DEBD8200B1DCB5 /* OAAsynchronousDataFetcher.h */,
				1961160413DEBD8200B1DCB5 /* OAAsynchronousDataFetcher.m */,
				1961160513DEBD8200B1DCB5 /* OAConsumer.h */,
				1961160613DEBD8200B1DCB5 /* OAConsumer.m */,
				1961160713DEBD8200B1DCB5 /* OADataFetcher.h */,
				1961160813DEBD8200B1DCB5 /* OADataFetcher.m */,
				1961160913DEBD8200B1DCB5 /* OAHMAC_SHA1SignatureProvider.h */,
				1961160A13DEBD8200B1DCB5 /* OAHMAC_SHA1SignatureProvider.m */,
				1961160B13DEBD8200B1DCB5 /* OAMutableURLRequest.h */,
				1961160C13DEBD8200B1DCB5 /* OAMutableURLRequest.m */,
				1961160D13DEBD8200B1DCB5 /* OAPlaintextSignatureProvider.h */,
				1961160E13DEBD8200B1DCB5 /* OAPlaintextSignatureProvider.m */,
				1961160F13DEBD8200B1DCB5 /* OARequestParameter.h */,
				1961161013DEBD8200B1DCB5 /* OARequestParameter.m */,
				1961161113DEBD8200B1DCB5 /* OAServiceTicket.h */,
				1961161213DEBD8200B1DCB5 /* OAServiceTicket.m */,
				1961161313DEBD8200B1DCB5 /* OASignatureProviding.h */,
				1961161413DEBD8200B1DCB5 /* OAToken.h */,
				1961161513DEBD8200B1DCB5 /* OAToken.m */,
				1961161613DEBD8200B1DCB5 /* OAuthConsumer.h */,
			);
			path = OAuthConsumer;
			sourceTree = "<group>";
		};
		196115FA13DEBD8200B1DCB5 /* Crypto */ = {
			isa = PBXGroup;
			children = (
				196115FB13DEBD8200B1DCB5 /* Base64Transcoder.c */,
				196115FC13DEBD8200B1DCB5 /* Base64Transcoder.h */,
			);
			path = Crypto;
			sourceTree = "<group>";
		};
		198B199F13D444A3003AD828 /* Facebook */ = {
			isa = PBXGroup;
			children = (
				198B19A313D444A3003AD828 /* Facebook.h */,
				198B19A413D444A3003AD828 /* Facebook.m */,
				198B19A513D444A3003AD828 /* facebook_ios_sdk_Prefix.pch */,
				198B19A613D444A3003AD828 /* FBConnect.h */,
				198B19A713D444A3003AD828 /* FBDialog.bundle */,
				198B19A813D444A3003AD828 /* FBDialog.h */,
				198B19A913D444A3003AD828 /* FBDialog.m */,
				198B19AA13D444A3003AD828 /* FBLoginDialog.h */,
				198B19AB13D444A3003AD828 /* FBLoginDialog.m */,
				198B19AC13D444A3003AD828 /* FBRequest.h */,
				198B19AD13D444A3003AD828 /* FBRequest.m */,
				198B19AE13D444A3003AD828 /* JSON */,
			);
			name = Facebook;
			path = ../src;
			sourceTree = "<group>";
		};
		198B19AE13D444A3003AD828 /* JSON */ = {
			isa = PBXGroup;
			children = (
				198B19AF13D444A3003AD828 /* JSON.h */,
				198B19B013D444A3003AD828 /* NSObject+SBJSON.h */,
				198B19B113D444A3003AD828 /* NSObject+SBJSON.m */,
				198B19B213D444A3003AD828 /* NSString+SBJSON.h */,
				198B19B313D444A3003AD828 /* NSString+SBJSON.m */,
				198B19B413D444A3003AD828 /* SBJSON.h */,
				198B19B513D444A3003AD828 /* SBJSON.m */,
				198B19B613D444A3003AD828 /* SBJsonBase.h */,
				198B19B713D444A3003AD828 /* SBJsonBase.m */,
				198B19B813D444A3003AD828 /* SBJsonParser.h */,
				198B19B913D444A3003AD828 /* SBJsonParser.m */,
				198B19BA13D444A3003AD828 /* SBJsonWriter.h */,
				198B19BB13D444A3003AD828 /* SBJsonWriter.m */,
			);
			path = JSON;
			sourceTree = "<group>";
		};
		1992920913B9C3F3001689C8 = {
			isa = PBXGroup;
			children = (
				196115F913DEBD8200B1DCB5 /* OAuthConsumer */,
				191C30FD13D84CC4007B091B /* images */,
				1992922013B9C3F3001689C8 /* UKEprogram */,
				1992921713B9C3F3001689C8 /* Frameworks */,
				1992921513B9C3F3001689C8 /* Products */,
				196115F513DEB23100B1DCB5 /* Linked Frameworks */,
			);
			sourceTree = "<group>";
		};
		1992921513B9C3F3001689C8 /* Products */ = {
			isa = PBXGroup;
			children = (
				1992921413B9C3F3001689C8 /* UKEprogram.app */,
			);
			name = Products;
			sourceTree = "<group>";
		};
		1992921713B9C3F3001689C8 /* Frameworks */ = {
			isa = PBXGroup;
			children = (
				1992921813B9C3F3001689C8 /* UIKit.framework */,
				1992921A13B9C3F3001689C8 /* Foundation.framework */,
				1992921C13B9C3F3001689C8 /* CoreGraphics.framework */,
				1992921E13B9C3F3001689C8 /* CoreData.framework */,
			);
			name = Frameworks;
			sourceTree = "<group>";
		};
		1992922013B9C3F3001689C8 /* UKEprogram */ = {
			isa = PBXGroup;
			children = (
				198B199F13D444A3003AD828 /* Facebook */,
				1992924113B9EC5A001689C8 /* Model */,
				1992922913B9C3F3001689C8 /* UKEprogramAppDelegate.h */,
				1992922A13B9C3F3001689C8 /* UKEprogramAppDelegate.m */,
				1992922C13B9C3F3001689C8 /* MainWindow.xib */,
				198B19E013D48316003AD828 /* StartViewController.h */,
				198B19E113D48316003AD828 /* StartViewController.m */,
				198B19E313D4834D003AD828 /* StartView.xib */,
				1992923713B9CBAF001689C8 /* EventsTableViewController.h */,
				1992923813B9CBAF001689C8 /* EventsTableViewController.m */,
				1992923A13B9CE9C001689C8 /* EventsTableView.xib */,
				1992923C13B9D578001689C8 /* EventDetailsViewController.h */,
				1992923D13B9D578001689C8 /* EventDetailsViewController.m */,
				1992923F13B9D5BE001689C8 /* EventDetailsView.xib */,
				1992922F13B9C3F3001689C8 /* UKEprogram.xcdatamodeld */,
				198B19EE13D6F056003AD828 /* FilterViewController.h */,
				198B19EF13D6F057003AD828 /* FilterViewController.m */,
				198B19F113D6F07E003AD828 /* FilterView.xib */,
				191C313D13D96F28007B091B /* SettingsViewController.h */,
				191C313E13D96F29007B091B /* SettingsViewController.m */,
				191C314213D96F7A007B091B /* SettingsView.xib */,
				198B19F313D82847003AD828 /* FriendsTableViewController.h */,
				198B19F413D82848003AD828 /* FriendsTableViewController.m */,
				198B19FE13D835D9003AD828 /* FriendsTableView.xib */,
				1992922113B9C3F3001689C8 /* Supporting Files */,
			);
			path = UKEprogram;
			sourceTree = "<group>";
		};
		1992922113B9C3F3001689C8 /* Supporting Files */ = {
			isa = PBXGroup;
			children = (
				1992922213B9C3F3001689C8 /* UKEprogram-Info.plist */,
				1992922313B9C3F3001689C8 /* InfoPlist.strings */,
				1992922613B9C3F3001689C8 /* UKEprogram-Prefix.pch */,
				1992922713B9C3F3001689C8 /* main.m */,
			);
			name = "Supporting Files";
			sourceTree = "<group>";
		};
		1992924113B9EC5A001689C8 /* Model */ = {
			isa = PBXGroup;
			children = (
				1992924213B9EC89001689C8 /* Event.h */,
				1992924313B9EC89001689C8 /* Event.m */,
				1992924913BA01B5001689C8 /* ApiWrapper.h */,
				1992924A13BA01B5001689C8 /* ApiWrapper.m */,
			);
			name = Model;
			sourceTree = "<group>";
		};
/* End PBXGroup section */

/* Begin PBXNativeTarget section */
		1992921313B9C3F3001689C8 /* UKEprogram */ = {
			isa = PBXNativeTarget;
			buildConfigurationList = 1992923413B9C3F3001689C8 /* Build configuration list for PBXNativeTarget "UKEprogram" */;
			buildPhases = (
				1992921013B9C3F3001689C8 /* Sources */,
				1992921113B9C3F3001689C8 /* Frameworks */,
				1992921213B9C3F3001689C8 /* Resources */,
				196115F413DEB1FC00B1DCB5 /* CopyFiles */,
			);
			buildRules = (
			);
			dependencies = (
			);
			name = UKEprogram;
			productName = UKEprogram;
			productReference = 1992921413B9C3F3001689C8 /* UKEprogram.app */;
			productType = "com.apple.product-type.application";
		};
/* End PBXNativeTarget section */

/* Begin PBXProject section */
		1992920B13B9C3F3001689C8 /* Project object */ = {
			isa = PBXProject;
			attributes = {
				ORGANIZATIONNAME = "Accenture AS";
			};
			buildConfigurationList = 1992920E13B9C3F3001689C8 /* Build configuration list for PBXProject "UKEprogram" */;
			compatibilityVersion = "Xcode 3.2";
			developmentRegion = English;
			hasScannedForEncodings = 0;
			knownRegions = (
				en,
				English,
			);
			mainGroup = 1992920913B9C3F3001689C8;
			productRefGroup = 1992921513B9C3F3001689C8 /* Products */;
			projectDirPath = "";
			projectRoot = "";
			targets = (
				1992921313B9C3F3001689C8 /* UKEprogram */,
			);
		};
/* End PBXProject section */

/* Begin PBXResourcesBuildPhase section */
		1992921213B9C3F3001689C8 /* Resources */ = {
			isa = PBXResourcesBuildPhase;
			buildActionMask = 2147483647;
			files = (
				1992922513B9C3F3001689C8 /* InfoPlist.strings in Resources */,
				1992922E13B9C3F3001689C8 /* MainWindow.xib in Resources */,
				1992923B13B9CE9C001689C8 /* EventsTableView.xib in Resources */,
				1992924013B9D5BE001689C8 /* EventDetailsView.xib in Resources */,
				1992924613B9F48B001689C8 /* iPhoneIcon_Big.png in Resources */,
				1992924813B9F4D6001689C8 /* iPhoneIcon_Small.png in Resources */,
				19C8FAD313BDB19B001B5CB9 /* Default.png in Resources */,
				198B19C013D444A3003AD828 /* FBDialog.bundle in Resources */,
				198B19E413D4834D003AD828 /* StartView.xib in Resources */,
				198B19F213D6F07E003AD828 /* FilterView.xib in Resources */,
				198B19FA13D8296E003AD828 /* favorite.png in Resources */,
				198B19FB13D8296E003AD828 /* unfavorite.png in Resources */,
				198B19FF13D835D9003AD828 /* FriendsTableView.xib in Resources */,
				191C310013D84CEA007B091B /* mainbottomright.png in Resources */,
				191C310313D85277007B091B /* mainlogo.png in Resources */,
				191C310413D85277007B091B /* maintopleft.png in Resources */,
				191C312613D8684E007B091B /* mainbuttonartister.png in Resources */,
				191C312713D8684E007B091B /* mainbuttonfav.png in Resources */,
				191C312813D8684E007B091B /* mainbuttonsteder.png in Resources */,
				191C312A13D883A2007B091B /* Default@2x.png in Resources */,
				191C312C13D88CE2007B091B /* template.png in Resources */,
				191C313013D89F88007B091B /* choose_button.png in Resources */,
				191C313213D8A07D007B091B /* calendar_button.png in Resources */,
				191C314313D96F7A007B091B /* SettingsView.xib in Resources */,
				1997656913D9AC890041B03D /* currentValue.png in Resources */,
				1961162D13E090A800B1DCB5 /* delta.png in Resources */,
				1961162F13E090B700B1DCB5 /* delta_pressed.png in Resources */,
				1961163113E09DED00B1DCB5 /* faceIcon.png in Resources */,
				1961163513E13D7C00B1DCB5 /* mainbuttonblaa.png in Resources */,
				1961163613E13D7C00B1DCB5 /* mainbuttongronn.png in Resources */,
				1961163713E13D7C00B1DCB5 /* mainbuttongul.png in Resources */,
				1961163913E146A100B1DCB5 /* mainbuttonstar.png in Resources */,
				1961163F13E1AB7300B1DCB5 /* katbutton3dalle.png in Resources */,
				1961164013E1AB7300B1DCB5 /* katbutton3dfest.png in Resources */,
				1961164113E1AB7300B1DCB5 /* katbutton3dkonsert.png in Resources */,
				1961164213E1AB7300B1DCB5 /* katbutton3dkurs.png in Resources */,
				1961164513E1ABDD00B1DCB5 /* katbutton3drevy.png in Resources */,
				1961164713E1B33600B1DCB5 /* mainbuttonfb.png in Resources */,
				19A3CDCA141AF50A00C8501E /* datePickerBackground.png in Resources */,
				19A3CDCB141AF50A00C8501E /* datePickerTransparentLayer.png in Resources */,
				19A3CDCC141AF50A00C8501E /* tableRowHeader.png in Resources */,
				19A3CDCF141D29E900C8501E /* placeHolderImage.png in Resources */,
			);
			runOnlyForDeploymentPostprocessing = 0;
		};
/* End PBXResourcesBuildPhase section */

/* Begin PBXSourcesBuildPhase section */
		1992921013B9C3F3001689C8 /* Sources */ = {
			isa = PBXSourcesBuildPhase;
			buildActionMask = 2147483647;
			files = (
				1992922813B9C3F3001689C8 /* main.m in Sources */,
				1992922B13B9C3F3001689C8 /* UKEprogramAppDelegate.m in Sources */,
				1992923113B9C3F3001689C8 /* UKEprogram.xcdatamodeld in Sources */,
				1992923913B9CBAF001689C8 /* EventsTableViewController.m in Sources */,
				1992923E13B9D578001689C8 /* EventDetailsViewController.m in Sources */,
				1992924413B9EC89001689C8 /* Event.m in Sources */,
				1992924B13BA01B5001689C8 /* ApiWrapper.m in Sources */,
				198B19BF13D444A3003AD828 /* Facebook.m in Sources */,
				198B19C113D444A3003AD828 /* FBDialog.m in Sources */,
				198B19C213D444A3003AD828 /* FBLoginDialog.m in Sources */,
				198B19C313D444A3003AD828 /* FBRequest.m in Sources */,
				198B19C413D444A3003AD828 /* NSObject+SBJSON.m in Sources */,
				198B19C513D444A3003AD828 /* NSString+SBJSON.m in Sources */,
				198B19C613D444A3003AD828 /* SBJSON.m in Sources */,
				198B19C713D444A3003AD828 /* SBJsonBase.m in Sources */,
				198B19C813D444A3003AD828 /* SBJsonParser.m in Sources */,
				198B19C913D444A3003AD828 /* SBJsonWriter.m in Sources */,
				198B19E213D48316003AD828 /* StartViewController.m in Sources */,
				198B19F013D6F057003AD828 /* FilterViewController.m in Sources */,
				198B19F513D82849003AD828 /* FriendsTableViewController.m in Sources */,
				191C313F13D96F2A007B091B /* SettingsViewController.m in Sources */,
				1961161713DEBD8200B1DCB5 /* Base64Transcoder.c in Sources */,
				1961161813DEBD8200B1DCB5 /* NSMutableURLRequest+Parameters.m in Sources */,
				1961161913DEBD8200B1DCB5 /* NSString+URLEncoding.m in Sources */,
				1961161A13DEBD8200B1DCB5 /* NSURL+Base.m in Sources */,
				1961161B13DEBD8200B1DCB5 /* OAAsynchronousDataFetcher.m in Sources */,
				1961161C13DEBD8200B1DCB5 /* OAConsumer.m in Sources */,
				1961161D13DEBD8200B1DCB5 /* OADataFetcher.m in Sources */,
				1961161E13DEBD8200B1DCB5 /* OAHMAC_SHA1SignatureProvider.m in Sources */,
				1961161F13DEBD8200B1DCB5 /* OAMutableURLRequest.m in Sources */,
				1961162013DEBD8200B1DCB5 /* OAPlaintextSignatureProvider.m in Sources */,
				1961162113DEBD8200B1DCB5 /* OARequestParameter.m in Sources */,
				1961162213DEBD8200B1DCB5 /* OAServiceTicket.m in Sources */,
				1961162313DEBD8200B1DCB5 /* OAToken.m in Sources */,
			);
			runOnlyForDeploymentPostprocessing = 0;
		};
/* End PBXSourcesBuildPhase section */

/* Begin PBXVariantGroup section */
		1992922313B9C3F3001689C8 /* InfoPlist.strings */ = {
			isa = PBXVariantGroup;
			children = (
				1992922413B9C3F3001689C8 /* en */,
			);
			name = InfoPlist.strings;
			sourceTree = "<group>";
		};
		1992922C13B9C3F3001689C8 /* MainWindow.xib */ = {
			isa = PBXVariantGroup;
			children = (
				1992922D13B9C3F3001689C8 /* en */,
			);
			name = MainWindow.xib;
			sourceTree = "<group>";
		};
/* End PBXVariantGroup section */

/* Begin XCBuildConfiguration section */
		1992923213B9C3F3001689C8 /* Debug */ = {
			isa = XCBuildConfiguration;
			buildSettings = {
				ARCHS = "$(ARCHS_STANDARD_32_BIT)";
				"CODE_SIGN_IDENTITY[sdk=iphoneos*]" = "iPhone Developer";
				GCC_C_LANGUAGE_STANDARD = gnu99;
				GCC_OPTIMIZATION_LEVEL = 0;
				GCC_PREPROCESSOR_DEFINITIONS = DEBUG;
				GCC_SYMBOLS_PRIVATE_EXTERN = NO;
				GCC_VERSION = com.apple.compilers.llvmgcc42;
				GCC_WARN_ABOUT_RETURN_TYPE = YES;
				GCC_WARN_UNUSED_VARIABLE = YES;
				IPHONEOS_DEPLOYMENT_TARGET = 4.3;
				SDKROOT = iphoneos;
			};
			name = Debug;
		};
		1992923313B9C3F3001689C8 /* Release */ = {
			isa = XCBuildConfiguration;
			buildSettings = {
				ARCHS = "$(ARCHS_STANDARD_32_BIT)";
				"CODE_SIGN_IDENTITY[sdk=iphoneos*]" = "iPhone Developer";
				GCC_C_LANGUAGE_STANDARD = gnu99;
				GCC_VERSION = com.apple.compilers.llvmgcc42;
				GCC_WARN_ABOUT_RETURN_TYPE = YES;
				GCC_WARN_UNUSED_VARIABLE = YES;
				IPHONEOS_DEPLOYMENT_TARGET = 4.3;
				OTHER_CFLAGS = "-DNS_BLOCK_ASSERTIONS=1";
				SDKROOT = iphoneos;
			};
			name = Release;
		};
		1992923513B9C3F3001689C8 /* Debug */ = {
			isa = XCBuildConfiguration;
			buildSettings = {
				ALWAYS_SEARCH_USER_PATHS = NO;
				COPY_PHASE_STRIP = NO;
				FRAMEWORK_SEARCH_PATHS = (
					"$(inherited)",
					"\"$(SRCROOT)\"",
				);
				GCC_DYNAMIC_NO_PIC = NO;
				GCC_PRECOMPILE_PREFIX_HEADER = YES;
				GCC_PREFIX_HEADER = "UKEprogram/UKEprogram-Prefix.pch";
				"HEADER_SEARCH_PATHS[arch=*]" = "\"/uka11/ukaprogram-iphone\"";
				INFOPLIST_FILE = "UKEprogram/UKEprogram-Info.plist";
				PRODUCT_NAME = "$(TARGET_NAME)";
				WRAPPER_EXTENSION = app;
			};
			name = Debug;
		};
		1992923613B9C3F3001689C8 /* Release */ = {
			isa = XCBuildConfiguration;
			buildSettings = {
				ALWAYS_SEARCH_USER_PATHS = NO;
				COPY_PHASE_STRIP = YES;
				FRAMEWORK_SEARCH_PATHS = (
					"$(inherited)",
					"\"$(SRCROOT)\"",
				);
				GCC_PRECOMPILE_PREFIX_HEADER = YES;
				GCC_PREFIX_HEADER = "UKEprogram/UKEprogram-Prefix.pch";
				"HEADER_SEARCH_PATHS[arch=*]" = "\"/uka11/ukaprogram-iphone\"";
				INFOPLIST_FILE = "UKEprogram/UKEprogram-Info.plist";
				PRODUCT_NAME = "$(TARGET_NAME)";
				VALIDATE_PRODUCT = YES;
				WRAPPER_EXTENSION = app;
			};
			name = Release;
		};
/* End XCBuildConfiguration section */

/* Begin XCConfigurationList section */
		1992920E13B9C3F3001689C8 /* Build configuration list for PBXProject "UKEprogram" */ = {
			isa = XCConfigurationList;
			buildConfigurations = (
				1992923213B9C3F3001689C8 /* Debug */,
				1992923313B9C3F3001689C8 /* Release */,
			);
			defaultConfigurationIsVisible = 0;
			defaultConfigurationName = Release;
		};
		1992923413B9C3F3001689C8 /* Build configuration list for PBXNativeTarget "UKEprogram" */ = {
			isa = XCConfigurationList;
			buildConfigurations = (
				1992923513B9C3F3001689C8 /* Debug */,
				1992923613B9C3F3001689C8 /* Release */,
			);
			defaultConfigurationIsVisible = 0;
			defaultConfigurationName = Release;
		};
/* End XCConfigurationList section */

/* Begin XCVersionGroup section */
		1992922F13B9C3F3001689C8 /* UKEprogram.xcdatamodeld */ = {
			isa = XCVersionGroup;
			children = (
				1992923013B9C3F3001689C8 /* UKEprogram.xcdatamodel */,
			);
			currentVersion = 1992923013B9C3F3001689C8 /* UKEprogram.xcdatamodel */;
			path = UKEprogram.xcdatamodeld;
			sourceTree = "<group>";
			versionGroupType = wrapper.xcdatamodel;
		};
/* End XCVersionGroup section */
	};
	rootObject = 1992920B13B9C3F3001689C8 /* Project object */;
}
