// !$*UTF8*$!
{
	archiveVersion = 1;
	classes = {
	};
	objectVersion = 46;
	objects = {

/* Begin PBXBuildFile section */
		198B19BF13D444A3003AD828 /* Facebook.m in Sources */ = {isa = PBXBuildFile; fileRef = 198B19A413D444A3003AD828 /* Facebook.m */; };
		198B19C013D444A3003AD828 /* FBDialog.bundle in Resources */ = {isa = PBXBuildFile; fileRef = 198B19A713D444A3003AD828 /* FBDialog.bundle */; };
		198B19C113D444A3003AD828 /* FBDialog.m in Sources */ = {isa = PBXBuildFile; fileRef = 198B19A913D444A3003AD828 /* FBDialog.m */; };
		198B19C213D444A3003AD828 /* FBLoginDialog.m in Sources */ = {isa = PBXBuildFile; fileRef = 198B19AB13D444A3003AD828 /* FBLoginDialog.m */; };
		198B19C313D444A3003AD828 /* FBRequest.m in Sources */ = {isa = PBXBuildFile; fileRef = 198B19AD13D444A3003AD828 /* FBRequest.m */; };
		198B19C413D444A3003AD828 /* NSObject+SBJSON.m in Sources */ = {isa = PBXBuildFile; fileRef = 198B19B113D444A3003AD828 /* NSObject+SBJSON.m */; };
		198B19C513D444A3003AD828 /* NSString+SBJSON.m in Sources */ = {isa = PBXBuildFile; fileRef = 198B19B313D444A3003AD828 /* NSString+SBJSON.m */; };
		198B19C613D444A3003AD828 /* SBJSON.m in Sources */ = {isa = PBXBuildFile; fileRef = 198B19B513D444A3003AD828 /* SBJSON.m */; };
		198B19C713D444A3003AD828 /* SBJsonBase.m in Sources */ = {isa = PBXBuildFile; fileRef = 198B19B713D444A3003AD828 /* SBJsonBase.m */; };
		198B19C813D444A3003AD828 /* SBJsonParser.m in Sources */ = {isa = PBXBuildFile; fileRef = 198B19B913D444A3003AD828 /* SBJsonParser.m */; };
		198B19C913D444A3003AD828 /* SBJsonWriter.m in Sources */ = {isa = PBXBuildFile; fileRef = 198B19BB13D444A3003AD828 /* SBJsonWriter.m */; };
		1992921913B9C3F3001689C8 /* UIKit.framework in Frameworks */ = {isa = PBXBuildFile; fileRef = 1992921813B9C3F3001689C8 /* UIKit.framework */; };
		1992921B13B9C3F3001689C8 /* Foundation.framework in Frameworks */ = {isa = PBXBuildFile; fileRef = 1992921A13B9C3F3001689C8 /* Foundation.framework */; };
		1992921D13B9C3F3001689C8 /* CoreGraphics.framework in Frameworks */ = {isa = PBXBuildFile; fileRef = 1992921C13B9C3F3001689C8 /* CoreGraphics.framework */; };
		1992921F13B9C3F3001689C8 /* CoreData.framework in Frameworks */ = {isa = PBXBuildFile; fileRef = 1992921E13B9C3F3001689C8 /* CoreData.framework */; };
		1992922513B9C3F3001689C8 /* InfoPlist.strings in Resources */ = {isa = PBXBuildFile; fileRef = 1992922313B9C3F3001689C8 /* InfoPlist.strings */; };
		1992922813B9C3F3001689C8 /* main.m in Sources */ = {isa = PBXBuildFile; fileRef = 1992922713B9C3F3001689C8 /* main.m */; };
		1992922B13B9C3F3001689C8 /* UKEprogramAppDelegate.m in Sources */ = {isa = PBXBuildFile; fileRef = 1992922A13B9C3F3001689C8 /* UKEprogramAppDelegate.m */; };
		1992922E13B9C3F3001689C8 /* MainWindow.xib in Resources */ = {isa = PBXBuildFile; fileRef = 1992922C13B9C3F3001689C8 /* MainWindow.xib */; };
		1992923113B9C3F3001689C8 /* UKEprogram.xcdatamodeld in Sources */ = {isa = PBXBuildFile; fileRef = 1992922F13B9C3F3001689C8 /* UKEprogram.xcdatamodeld */; };
		1992923913B9CBAF001689C8 /* EventsTableViewController.m in Sources */ = {isa = PBXBuildFile; fileRef = 1992923813B9CBAF001689C8 /* EventsTableViewController.m */; };
		1992923B13B9CE9C001689C8 /* EventsTableView.xib in Resources */ = {isa = PBXBuildFile; fileRef = 1992923A13B9CE9C001689C8 /* EventsTableView.xib */; };
		1992923E13B9D578001689C8 /* EventDetailsViewController.m in Sources */ = {isa = PBXBuildFile; fileRef = 1992923D13B9D578001689C8 /* EventDetailsViewController.m */; };
		1992924013B9D5BE001689C8 /* EventDetailsView.xib in Resources */ = {isa = PBXBuildFile; fileRef = 1992923F13B9D5BE001689C8 /* EventDetailsView.xib */; };
		1992924413B9EC89001689C8 /* Event.m in Sources */ = {isa = PBXBuildFile; fileRef = 1992924313B9EC89001689C8 /* Event.m */; };
		1992924613B9F48B001689C8 /* iPhoneIcon_Big.png in Resources */ = {isa = PBXBuildFile; fileRef = 1992924513B9F48B001689C8 /* iPhoneIcon_Big.png */; };
		1992924813B9F4D6001689C8 /* iPhoneIcon_Small.png in Resources */ = {isa = PBXBuildFile; fileRef = 1992924713B9F4D6001689C8 /* iPhoneIcon_Small.png */; };
		1992924B13BA01B5001689C8 /* ApiWrapper.m in Sources */ = {isa = PBXBuildFile; fileRef = 1992924A13BA01B5001689C8 /* ApiWrapper.m */; };
		19C8FAD313BDB19B001B5CB9 /* Default.png in Resources */ = {isa = PBXBuildFile; fileRef = 19C8FAD213BDB19B001B5CB9 /* Default.png */; };
/* End PBXBuildFile section */

/* Begin PBXFileReference section */
		198B19A313D444A3003AD828 /* Facebook.h */ = {isa = PBXFileReference; fileEncoding = 4; lastKnownFileType = sourcecode.c.h; path = Facebook.h; sourceTree = "<group>"; };
		198B19A413D444A3003AD828 /* Facebook.m */ = {isa = PBXFileReference; fileEncoding = 4; lastKnownFileType = sourcecode.c.objc; path = Facebook.m; sourceTree = "<group>"; };
		198B19A513D444A3003AD828 /* facebook_ios_sdk_Prefix.pch */ = {isa = PBXFileReference; fileEncoding = 4; lastKnownFileType = sourcecode.c.h; path = facebook_ios_sdk_Prefix.pch; sourceTree = "<group>"; };
		198B19A613D444A3003AD828 /* FBConnect.h */ = {isa = PBXFileReference; fileEncoding = 4; lastKnownFileType = sourcecode.c.h; path = FBConnect.h; sourceTree = "<group>"; };
		198B19A713D444A3003AD828 /* FBDialog.bundle */ = {isa = PBXFileReference; lastKnownFileType = "wrapper.plug-in"; path = FBDialog.bundle; sourceTree = "<group>"; };
		198B19A813D444A3003AD828 /* FBDialog.h */ = {isa = PBXFileReference; fileEncoding = 4; lastKnownFileType = sourcecode.c.h; path = FBDialog.h; sourceTree = "<group>"; };
		198B19A913D444A3003AD828 /* FBDialog.m */ = {isa = PBXFileReference; fileEncoding = 4; lastKnownFileType = sourcecode.c.objc; path = FBDialog.m; sourceTree = "<group>"; };
		198B19AA13D444A3003AD828 /* FBLoginDialog.h */ = {isa = PBXFileReference; fileEncoding = 4; lastKnownFileType = sourcecode.c.h; path = FBLoginDialog.h; sourceTree = "<group>"; };
		198B19AB13D444A3003AD828 /* FBLoginDialog.m */ = {isa = PBXFileReference; fileEncoding = 4; lastKnownFileType = sourcecode.c.objc; path = FBLoginDialog.m; sourceTree = "<group>"; };
		198B19AC13D444A3003AD828 /* FBRequest.h */ = {isa = PBXFileReference; fileEncoding = 4; lastKnownFileType = sourcecode.c.h; path = FBRequest.h; sourceTree = "<group>"; };
		198B19AD13D444A3003AD828 /* FBRequest.m */ = {isa = PBXFileReference; fileEncoding = 4; lastKnownFileType = sourcecode.c.objc; path = FBRequest.m; sourceTree = "<group>"; };
		198B19AF13D444A3003AD828 /* JSON.h */ = {isa = PBXFileReference; fileEncoding = 4; lastKnownFileType = sourcecode.c.h; path = JSON.h; sourceTree = "<group>"; };
		198B19B013D444A3003AD828 /* NSObject+SBJSON.h */ = {isa = PBXFileReference; fileEncoding = 4; lastKnownFileType = sourcecode.c.h; path = "NSObject+SBJSON.h"; sourceTree = "<group>"; };
		198B19B113D444A3003AD828 /* NSObject+SBJSON.m */ = {isa = PBXFileReference; fileEncoding = 4; lastKnownFileType = sourcecode.c.objc; path = "NSObject+SBJSON.m"; sourceTree = "<group>"; };
		198B19B213D444A3003AD828 /* NSString+SBJSON.h */ = {isa = PBXFileReference; fileEncoding = 4; lastKnownFileType = sourcecode.c.h; path = "NSString+SBJSON.h"; sourceTree = "<group>"; };
		198B19B313D444A3003AD828 /* NSString+SBJSON.m */ = {isa = PBXFileReference; fileEncoding = 4; lastKnownFileType = sourcecode.c.objc; path = "NSString+SBJSON.m"; sourceTree = "<group>"; };
		198B19B413D444A3003AD828 /* SBJSON.h */ = {isa = PBXFileReference; fileEncoding = 4; lastKnownFileType = sourcecode.c.h; path = SBJSON.h; sourceTree = "<group>"; };
		198B19B513D444A3003AD828 /* SBJSON.m */ = {isa = PBXFileReference; fileEncoding = 4; lastKnownFileType = sourcecode.c.objc; path = SBJSON.m; sourceTree = "<group>"; };
		198B19B613D444A3003AD828 /* SBJsonBase.h */ = {isa = PBXFileReference; fileEncoding = 4; lastKnownFileType = sourcecode.c.h; path = SBJsonBase.h; sourceTree = "<group>"; };
		198B19B713D444A3003AD828 /* SBJsonBase.m */ = {isa = PBXFileReference; fileEncoding = 4; lastKnownFileType = sourcecode.c.objc; path = SBJsonBase.m; sourceTree = "<group>"; };
		198B19B813D444A3003AD828 /* SBJsonParser.h */ = {isa = PBXFileReference; fileEncoding = 4; lastKnownFileType = sourcecode.c.h; path = SBJsonParser.h; sourceTree = "<group>"; };
		198B19B913D444A3003AD828 /* SBJsonParser.m */ = {isa = PBXFileReference; fileEncoding = 4; lastKnownFileType = sourcecode.c.objc; path = SBJsonParser.m; sourceTree = "<group>"; };
		198B19BA13D444A3003AD828 /* SBJsonWriter.h */ = {isa = PBXFileReference; fileEncoding = 4; lastKnownFileType = sourcecode.c.h; path = SBJsonWriter.h; sourceTree = "<group>"; };
		198B19BB13D444A3003AD828 /* SBJsonWriter.m */ = {isa = PBXFileReference; fileEncoding = 4; lastKnownFileType = sourcecode.c.objc; path = SBJsonWriter.m; sourceTree = "<group>"; };
		1992921413B9C3F3001689C8 /* UKEprogram.app */ = {isa = PBXFileReference; explicitFileType = wrapper.application; includeInIndex = 0; path = UKEprogram.app; sourceTree = BUILT_PRODUCTS_DIR; };
		1992921813B9C3F3001689C8 /* UIKit.framework */ = {isa = PBXFileReference; lastKnownFileType = wrapper.framework; name = UIKit.framework; path = System/Library/Frameworks/UIKit.framework; sourceTree = SDKROOT; };
		1992921A13B9C3F3001689C8 /* Foundation.framework */ = {isa = PBXFileReference; lastKnownFileType = wrapper.framework; name = Foundation.framework; path = System/Library/Frameworks/Foundation.framework; sourceTree = SDKROOT; };
		1992921C13B9C3F3001689C8 /* CoreGraphics.framework */ = {isa = PBXFileReference; lastKnownFileType = wrapper.framework; name = CoreGraphics.framework; path = System/Library/Frameworks/CoreGraphics.framework; sourceTree = SDKROOT; };
		1992921E13B9C3F3001689C8 /* CoreData.framework */ = {isa = PBXFileReference; lastKnownFileType = wrapper.framework; name = CoreData.framework; path = System/Library/Frameworks/CoreData.framework; sourceTree = SDKROOT; };
		1992922213B9C3F3001689C8 /* UKEprogram-Info.plist */ = {isa = PBXFileReference; lastKnownFileType = text.plist.xml; path = "UKEprogram-Info.plist"; sourceTree = "<group>"; };
		1992922413B9C3F3001689C8 /* en */ = {isa = PBXFileReference; lastKnownFileType = text.plist.strings; name = en; path = en.lproj/InfoPlist.strings; sourceTree = "<group>"; };
		1992922613B9C3F3001689C8 /* UKEprogram-Prefix.pch */ = {isa = PBXFileReference; lastKnownFileType = sourcecode.c.h; path = "UKEprogram-Prefix.pch"; sourceTree = "<group>"; };
		1992922713B9C3F3001689C8 /* main.m */ = {isa = PBXFileReference; lastKnownFileType = sourcecode.c.objc; path = main.m; sourceTree = "<group>"; };
		1992922913B9C3F3001689C8 /* UKEprogramAppDelegate.h */ = {isa = PBXFileReference; lastKnownFileType = sourcecode.c.h; path = UKEprogramAppDelegate.h; sourceTree = "<group>"; };
		1992922A13B9C3F3001689C8 /* UKEprogramAppDelegate.m */ = {isa = PBXFileReference; lastKnownFileType = sourcecode.c.objc; path = UKEprogramAppDelegate.m; sourceTree = "<group>"; };
		1992922D13B9C3F3001689C8 /* en */ = {isa = PBXFileReference; lastKnownFileType = file.xib; name = en; path = en.lproj/MainWindow.xib; sourceTree = "<group>"; };
		1992923013B9C3F3001689C8 /* UKEprogram.xcdatamodel */ = {isa = PBXFileReference; lastKnownFileType = wrapper.xcdatamodel; path = UKEprogram.xcdatamodel; sourceTree = "<group>"; };
		1992923713B9CBAF001689C8 /* EventsTableViewController.h */ = {isa = PBXFileReference; fileEncoding = 4; lastKnownFileType = sourcecode.c.h; path = EventsTableViewController.h; sourceTree = "<group>"; };
		1992923813B9CBAF001689C8 /* EventsTableViewController.m */ = {isa = PBXFileReference; fileEncoding = 4; lastKnownFileType = sourcecode.c.objc; path = EventsTableViewController.m; sourceTree = "<group>"; };
		1992923A13B9CE9C001689C8 /* EventsTableView.xib */ = {isa = PBXFileReference; fileEncoding = 4; lastKnownFileType = file.xib; path = EventsTableView.xib; sourceTree = "<group>"; };
		1992923C13B9D578001689C8 /* EventDetailsViewController.h */ = {isa = PBXFileReference; fileEncoding = 4; lastKnownFileType = sourcecode.c.h; path = EventDetailsViewController.h; sourceTree = "<group>"; };
		1992923D13B9D578001689C8 /* EventDetailsViewController.m */ = {isa = PBXFileReference; fileEncoding = 4; lastKnownFileType = sourcecode.c.objc; path = EventDetailsViewController.m; sourceTree = "<group>"; };
		1992923F13B9D5BE001689C8 /* EventDetailsView.xib */ = {isa = PBXFileReference; fileEncoding = 4; lastKnownFileType = file.xib; path = EventDetailsView.xib; sourceTree = "<group>"; };
		1992924213B9EC89001689C8 /* Event.h */ = {isa = PBXFileReference; fileEncoding = 4; lastKnownFileType = sourcecode.c.h; path = Event.h; sourceTree = "<group>"; };
		1992924313B9EC89001689C8 /* Event.m */ = {isa = PBXFileReference; fileEncoding = 4; lastKnownFileType = sourcecode.c.objc; path = Event.m; sourceTree = "<group>"; };
		1992924513B9F48B001689C8 /* iPhoneIcon_Big.png */ = {isa = PBXFileReference; lastKnownFileType = image.png; path = iPhoneIcon_Big.png; sourceTree = "<group>"; };
		1992924713B9F4D6001689C8 /* iPhoneIcon_Small.png */ = {isa = PBXFileReference; lastKnownFileType = image.png; path = iPhoneIcon_Small.png; sourceTree = "<group>"; };
		1992924913BA01B5001689C8 /* ApiWrapper.h */ = {isa = PBXFileReference; fileEncoding = 4; lastKnownFileType = sourcecode.c.h; path = ApiWrapper.h; sourceTree = "<group>"; };
		1992924A13BA01B5001689C8 /* ApiWrapper.m */ = {isa = PBXFileReference; fileEncoding = 4; lastKnownFileType = sourcecode.c.objc; path = ApiWrapper.m; sourceTree = "<group>"; };
		19C8FAD213BDB19B001B5CB9 /* Default.png */ = {isa = PBXFileReference; lastKnownFileType = image.png; path = Default.png; sourceTree = "<group>"; };
/* End PBXFileReference section */

/* Begin PBXFrameworksBuildPhase section */
		1992921113B9C3F3001689C8 /* Frameworks */ = {
			isa = PBXFrameworksBuildPhase;
			buildActionMask = 2147483647;
			files = (
				1992921913B9C3F3001689C8 /* UIKit.framework in Frameworks */,
				1992921B13B9C3F3001689C8 /* Foundation.framework in Frameworks */,
				1992921D13B9C3F3001689C8 /* CoreGraphics.framework in Frameworks */,
				1992921F13B9C3F3001689C8 /* CoreData.framework in Frameworks */,
			);
			runOnlyForDeploymentPostprocessing = 0;
		};
/* End PBXFrameworksBuildPhase section */

/* Begin PBXGroup section */
		198B199F13D444A3003AD828 /* Facebook */ = {
			isa = PBXGroup;
			children = (
				198B19A313D444A3003AD828 /* Facebook.h */,
				198B19A413D444A3003AD828 /* Facebook.m */,
				198B19A513D444A3003AD828 /* facebook_ios_sdk_Prefix.pch */,
				198B19A613D444A3003AD828 /* FBConnect.h */,
				198B19A713D444A3003AD828 /* FBDialog.bundle */,
				198B19A813D444A3003AD828 /* FBDialog.h */,
				198B19A913D444A3003AD828 /* FBDialog.m */,
				198B19AA13D444A3003AD828 /* FBLoginDialog.h */,
				198B19AB13D444A3003AD828 /* FBLoginDialog.m */,
				198B19AC13D444A3003AD828 /* FBRequest.h */,
				198B19AD13D444A3003AD828 /* FBRequest.m */,
				198B19AE13D444A3003AD828 /* JSON */,
			);
			name = Facebook;
			path = ../src;
			sourceTree = "<group>";
		};
		198B19AE13D444A3003AD828 /* JSON */ = {
			isa = PBXGroup;
			children = (
				198B19AF13D444A3003AD828 /* JSON.h */,
				198B19B013D444A3003AD828 /* NSObject+SBJSON.h */,
				198B19B113D444A3003AD828 /* NSObject+SBJSON.m */,
				198B19B213D444A3003AD828 /* NSString+SBJSON.h */,
				198B19B313D444A3003AD828 /* NSString+SBJSON.m */,
				198B19B413D444A3003AD828 /* SBJSON.h */,
				198B19B513D444A3003AD828 /* SBJSON.m */,
				198B19B613D444A3003AD828 /* SBJsonBase.h */,
				198B19B713D444A3003AD828 /* SBJsonBase.m */,
				198B19B813D444A3003AD828 /* SBJsonParser.h */,
				198B19B913D444A3003AD828 /* SBJsonParser.m */,
				198B19BA13D444A3003AD828 /* SBJsonWriter.h */,
				198B19BB13D444A3003AD828 /* SBJsonWriter.m */,
			);
			path = JSON;
			sourceTree = "<group>";
		};
		1992920913B9C3F3001689C8 = {
			isa = PBXGroup;
			children = (
				19C8FAD213BDB19B001B5CB9 /* Default.png */,
				1992924713B9F4D6001689C8 /* iPhoneIcon_Small.png */,
				1992924513B9F48B001689C8 /* iPhoneIcon_Big.png */,
				1992922013B9C3F3001689C8 /* UKEprogram */,
				1992921713B9C3F3001689C8 /* Frameworks */,
				1992921513B9C3F3001689C8 /* Products */,
			);
			sourceTree = "<group>";
		};
		1992921513B9C3F3001689C8 /* Products */ = {
			isa = PBXGroup;
			children = (
				1992921413B9C3F3001689C8 /* UKEprogram.app */,
			);
			name = Products;
			sourceTree = "<group>";
		};
		1992921713B9C3F3001689C8 /* Frameworks */ = {
			isa = PBXGroup;
			children = (
				1992921813B9C3F3001689C8 /* UIKit.framework */,
				1992921A13B9C3F3001689C8 /* Foundation.framework */,
				1992921C13B9C3F3001689C8 /* CoreGraphics.framework */,
				1992921E13B9C3F3001689C8 /* CoreData.framework */,
			);
			name = Frameworks;
			sourceTree = "<group>";
		};
		1992922013B9C3F3001689C8 /* UKEprogram */ = {
			isa = PBXGroup;
			children = (
				198B199F13D444A3003AD828 /* Facebook */,
				1992924113B9EC5A001689C8 /* Model */,
				1992923A13B9CE9C001689C8 /* EventsTableView.xib */,
				1992922913B9C3F3001689C8 /* UKEprogramAppDelegate.h */,
				1992922A13B9C3F3001689C8 /* UKEprogramAppDelegate.m */,
				1992922C13B9C3F3001689C8 /* MainWindow.xib */,
				1992923713B9CBAF001689C8 /* EventsTableViewController.h */,
				1992923813B9CBAF001689C8 /* EventsTableViewController.m */,
				1992923C13B9D578001689C8 /* EventDetailsViewController.h */,
				1992923F13B9D5BE001689C8 /* EventDetailsView.xib */,
				1992923D13B9D578001689C8 /* EventDetailsViewController.m */,
				1992922F13B9C3F3001689C8 /* UKEprogram.xcdatamodeld */,
				1992922113B9C3F3001689C8 /* Supporting Files */,
			);
			path = UKEprogram;
			sourceTree = "<group>";
		};
		1992922113B9C3F3001689C8 /* Supporting Files */ = {
			isa = PBXGroup;
			children = (
				1992922213B9C3F3001689C8 /* UKEprogram-Info.plist */,
				1992922313B9C3F3001689C8 /* InfoPlist.strings */,
				1992922613B9C3F3001689C8 /* UKEprogram-Prefix.pch */,
				1992922713B9C3F3001689C8 /* main.m */,
			);
			name = "Supporting Files";
			sourceTree = "<group>";
		};
		1992924113B9EC5A001689C8 /* Model */ = {
			isa = PBXGroup;
			children = (
				1992924213B9EC89001689C8 /* Event.h */,
				1992924313B9EC89001689C8 /* Event.m */,
				1992924913BA01B5001689C8 /* ApiWrapper.h */,
				1992924A13BA01B5001689C8 /* ApiWrapper.m */,
			);
			name = Model;
			sourceTree = "<group>";
		};
/* End PBXGroup section */

/* Begin PBXNativeTarget section */
		1992921313B9C3F3001689C8 /* UKEprogram */ = {
			isa = PBXNativeTarget;
			buildConfigurationList = 1992923413B9C3F3001689C8 /* Build configuration list for PBXNativeTarget "UKEprogram" */;
			buildPhases = (
				1992921013B9C3F3001689C8 /* Sources */,
				1992921113B9C3F3001689C8 /* Frameworks */,
				1992921213B9C3F3001689C8 /* Resources */,
			);
			buildRules = (
			);
			dependencies = (
			);
			name = UKEprogram;
			productName = UKEprogram;
			productReference = 1992921413B9C3F3001689C8 /* UKEprogram.app */;
			productType = "com.apple.product-type.application";
		};
/* End PBXNativeTarget section */

/* Begin PBXProject section */
		1992920B13B9C3F3001689C8 /* Project object */ = {
			isa = PBXProject;
			attributes = {
				ORGANIZATIONNAME = "Accenture AS";
			};
			buildConfigurationList = 1992920E13B9C3F3001689C8 /* Build configuration list for PBXProject "UKEprogram" */;
			compatibilityVersion = "Xcode 3.2";
			developmentRegion = English;
			hasScannedForEncodings = 0;
			knownRegions = (
				en,
			);
			mainGroup = 1992920913B9C3F3001689C8;
			productRefGroup = 1992921513B9C3F3001689C8 /* Products */;
			projectDirPath = "";
			projectRoot = "";
			targets = (
				1992921313B9C3F3001689C8 /* UKEprogram */,
			);
		};
/* End PBXProject section */

/* Begin PBXResourcesBuildPhase section */
		1992921213B9C3F3001689C8 /* Resources */ = {
			isa = PBXResourcesBuildPhase;
			buildActionMask = 2147483647;
			files = (
				1992922513B9C3F3001689C8 /* InfoPlist.strings in Resources */,
				1992922E13B9C3F3001689C8 /* MainWindow.xib in Resources */,
				1992923B13B9CE9C001689C8 /* EventsTableView.xib in Resources */,
				1992924013B9D5BE001689C8 /* EventDetailsView.xib in Resources */,
				1992924613B9F48B001689C8 /* iPhoneIcon_Big.png in Resources */,
				1992924813B9F4D6001689C8 /* iPhoneIcon_Small.png in Resources */,
				19C8FAD313BDB19B001B5CB9 /* Default.png in Resources */,
				198B19C013D444A3003AD828 /* FBDialog.bundle in Resources */,
			);
			runOnlyForDeploymentPostprocessing = 0;
		};
/* End PBXResourcesBuildPhase section */

/* Begin PBXSourcesBuildPhase section */
		1992921013B9C3F3001689C8 /* Sources */ = {
			isa = PBXSourcesBuildPhase;
			buildActionMask = 2147483647;
			files = (
				1992922813B9C3F3001689C8 /* main.m in Sources */,
				1992922B13B9C3F3001689C8 /* UKEprogramAppDelegate.m in Sources */,
				1992923113B9C3F3001689C8 /* UKEprogram.xcdatamodeld in Sources */,
				1992923913B9CBAF001689C8 /* EventsTableViewController.m in Sources */,
				1992923E13B9D578001689C8 /* EventDetailsViewController.m in Sources */,
				1992924413B9EC89001689C8 /* Event.m in Sources */,
				1992924B13BA01B5001689C8 /* ApiWrapper.m in Sources */,
				198B19BF13D444A3003AD828 /* Facebook.m in Sources */,
				198B19C113D444A3003AD828 /* FBDialog.m in Sources */,
				198B19C213D444A3003AD828 /* FBLoginDialog.m in Sources */,
				198B19C313D444A3003AD828 /* FBRequest.m in Sources */,
				198B19C413D444A3003AD828 /* NSObject+SBJSON.m in Sources */,
				198B19C513D444A3003AD828 /* NSString+SBJSON.m in Sources */,
				198B19C613D444A3003AD828 /* SBJSON.m in Sources */,
				198B19C713D444A3003AD828 /* SBJsonBase.m in Sources */,
				198B19C813D444A3003AD828 /* SBJsonParser.m in Sources */,
				198B19C913D444A3003AD828 /* SBJsonWriter.m in Sources */,
			);
			runOnlyForDeploymentPostprocessing = 0;
		};
/* End PBXSourcesBuildPhase section */

/* Begin PBXVariantGroup section */
		1992922313B9C3F3001689C8 /* InfoPlist.strings */ = {
			isa = PBXVariantGroup;
			children = (
				1992922413B9C3F3001689C8 /* en */,
			);
			name = InfoPlist.strings;
			sourceTree = "<group>";
		};
		1992922C13B9C3F3001689C8 /* MainWindow.xib */ = {
			isa = PBXVariantGroup;
			children = (
				1992922D13B9C3F3001689C8 /* en */,
			);
			name = MainWindow.xib;
			sourceTree = "<group>";
		};
/* End PBXVariantGroup section */

/* Begin XCBuildConfiguration section */
		1992923213B9C3F3001689C8 /* Debug */ = {
			isa = XCBuildConfiguration;
			buildSettings = {
				ARCHS = "$(ARCHS_STANDARD_32_BIT)";
				"CODE_SIGN_IDENTITY[sdk=iphoneos*]" = "iPhone Developer";
				GCC_C_LANGUAGE_STANDARD = gnu99;
				GCC_OPTIMIZATION_LEVEL = 0;
				GCC_PREPROCESSOR_DEFINITIONS = DEBUG;
				GCC_SYMBOLS_PRIVATE_EXTERN = NO;
				GCC_VERSION = com.apple.compilers.llvmgcc42;
				GCC_WARN_ABOUT_RETURN_TYPE = YES;
				GCC_WARN_UNUSED_VARIABLE = YES;
				IPHONEOS_DEPLOYMENT_TARGET = 4.3;
				SDKROOT = iphoneos;
			};
			name = Debug;
		};
		1992923313B9C3F3001689C8 /* Release */ = {
			isa = XCBuildConfiguration;
			buildSettings = {
				ARCHS = "$(ARCHS_STANDARD_32_BIT)";
				"CODE_SIGN_IDENTITY[sdk=iphoneos*]" = "iPhone Developer";
				GCC_C_LANGUAGE_STANDARD = gnu99;
				GCC_VERSION = com.apple.compilers.llvmgcc42;
				GCC_WARN_ABOUT_RETURN_TYPE = YES;
				GCC_WARN_UNUSED_VARIABLE = YES;
				IPHONEOS_DEPLOYMENT_TARGET = 4.3;
				OTHER_CFLAGS = "-DNS_BLOCK_ASSERTIONS=1";
				SDKROOT = iphoneos;
			};
			name = Release;
		};
		1992923513B9C3F3001689C8 /* Debug */ = {
			isa = XCBuildConfiguration;
			buildSettings = {
				ALWAYS_SEARCH_USER_PATHS = NO;
				COPY_PHASE_STRIP = NO;
				GCC_DYNAMIC_NO_PIC = NO;
				GCC_PRECOMPILE_PREFIX_HEADER = YES;
				GCC_PREFIX_HEADER = "UKEprogram/UKEprogram-Prefix.pch";
				INFOPLIST_FILE = "UKEprogram/UKEprogram-Info.plist";
				PRODUCT_NAME = "$(TARGET_NAME)";
				WRAPPER_EXTENSION = app;
			};
			name = Debug;
		};
		1992923613B9C3F3001689C8 /* Release */ = {
			isa = XCBuildConfiguration;
			buildSettings = {
				ALWAYS_SEARCH_USER_PATHS = NO;
				COPY_PHASE_STRIP = YES;
				GCC_PRECOMPILE_PREFIX_HEADER = YES;
				GCC_PREFIX_HEADER = "UKEprogram/UKEprogram-Prefix.pch";
				INFOPLIST_FILE = "UKEprogram/UKEprogram-Info.plist";
				PRODUCT_NAME = "$(TARGET_NAME)";
				VALIDATE_PRODUCT = YES;
				WRAPPER_EXTENSION = app;
			};
			name = Release;
		};
/* End XCBuildConfiguration section */

/* Begin XCConfigurationList section */
		1992920E13B9C3F3001689C8 /* Build configuration list for PBXProject "UKEprogram" */ = {
			isa = XCConfigurationList;
			buildConfigurations = (
				1992923213B9C3F3001689C8 /* Debug */,
				1992923313B9C3F3001689C8 /* Release */,
			);
			defaultConfigurationIsVisible = 0;
			defaultConfigurationName = Release;
		};
		1992923413B9C3F3001689C8 /* Build configuration list for PBXNativeTarget "UKEprogram" */ = {
			isa = XCConfigurationList;
			buildConfigurations = (
				1992923513B9C3F3001689C8 /* Debug */,
				1992923613B9C3F3001689C8 /* Release */,
			);
			defaultConfigurationIsVisible = 0;
			defaultConfigurationName = Release;
		};
/* End XCConfigurationList section */

/* Begin XCVersionGroup section */
		1992922F13B9C3F3001689C8 /* UKEprogram.xcdatamodeld */ = {
			isa = XCVersionGroup;
			children = (
				1992923013B9C3F3001689C8 /* UKEprogram.xcdatamodel */,
			);
			currentVersion = 1992923013B9C3F3001689C8 /* UKEprogram.xcdatamodel */;
			path = UKEprogram.xcdatamodeld;
			sourceTree = "<group>";
			versionGroupType = wrapper.xcdatamodel;
		};
/* End XCVersionGroup section */
	};
	rootObject = 1992920B13B9C3F3001689C8 /* Project object */;
}
